// !$*UTF8*$!
{
	archiveVersion = 1;
	classes = {
	};
	objectVersion = 56;
	objects = {

/* Begin PBXBuildFile section */
		ECA17C0F2CCD26FA00B13270 /* AppDelegate.swift in Sources */ = {isa = PBXBuildFile; fileRef = ECA17C0E2CCD26FA00B13270 /* AppDelegate.swift */; };
		ECA17C112CCD26FA00B13270 /* SceneDelegate.swift in Sources */ = {isa = PBXBuildFile; fileRef = ECA17C102CCD26FA00B13270 /* SceneDelegate.swift */; };
		ECA17C132CCD26FA00B13270 /* MainViewController.swift in Sources */ = {isa = PBXBuildFile; fileRef = ECA17C122CCD26FA00B13270 /* MainViewController.swift */; };
		ECA17C162CCD26FA00B13270 /* Base in Resources */ = {isa = PBXBuildFile; fileRef = ECA17C152CCD26FA00B13270 /* Base */; };
		ECA17C182CCD26FB00B13270 /* Assets.xcassets in Resources */ = {isa = PBXBuildFile; fileRef = ECA17C172CCD26FB00B13270 /* Assets.xcassets */; };
		ECA17C1B2CCD26FB00B13270 /* Base in Resources */ = {isa = PBXBuildFile; fileRef = ECA17C1A2CCD26FB00B13270 /* Base */; };
		ECA17C262CCD26FB00B13270 /* SLAPTests.swift in Sources */ = {isa = PBXBuildFile; fileRef = ECA17C252CCD26FB00B13270 /* SLAPTests.swift */; };
		ECA17C402CCD2DC800B13270 /* Secrets.swift in Sources */ = {isa = PBXBuildFile; fileRef = ECA17C3F2CCD2DC800B13270 /* Secrets.swift */; };
		ECA17C442CCD31E800B13270 /* ViewControllerFactory.swift in Sources */ = {isa = PBXBuildFile; fileRef = ECA17C432CCD31E800B13270 /* ViewControllerFactory.swift */; };
		ECA17C472CCD321900B13270 /* AppManager.swift in Sources */ = {isa = PBXBuildFile; fileRef = ECA17C462CCD321900B13270 /* AppManager.swift */; };
		ECA17C492CCD329E00B13270 /* AppEnv.swift in Sources */ = {isa = PBXBuildFile; fileRef = ECA17C482CCD329E00B13270 /* AppEnv.swift */; };
		ECA17C4B2CCD32BE00B13270 /* Config.swift in Sources */ = {isa = PBXBuildFile; fileRef = ECA17C4A2CCD32BE00B13270 /* Config.swift */; };
		ECA17C4D2CCD353500B13270 /* Defaults.swift in Sources */ = {isa = PBXBuildFile; fileRef = ECA17C4C2CCD353500B13270 /* Defaults.swift */; };
		ECA17C4F2CCD36D000B13270 /* Images.swift in Sources */ = {isa = PBXBuildFile; fileRef = ECA17C4E2CCD36D000B13270 /* Images.swift */; };
		ECA17C512CCD36D800B13270 /* Style.swift in Sources */ = {isa = PBXBuildFile; fileRef = ECA17C502CCD36D800B13270 /* Style.swift */; };
		ECA17C532CCD373400B13270 /* Alert.swift in Sources */ = {isa = PBXBuildFile; fileRef = ECA17C522CCD373400B13270 /* Alert.swift */; };
		ECA17C562CCD390100B13270 /* Logger.swift in Sources */ = {isa = PBXBuildFile; fileRef = ECA17C552CCD390100B13270 /* Logger.swift */; };
		ECA17C592CCD3AE900B13270 /* Completion.swift in Sources */ = {isa = PBXBuildFile; fileRef = ECA17C582CCD3AE900B13270 /* Completion.swift */; };
		ECA17C5E2CCD3B9800B13270 /* TestCase.swift in Sources */ = {isa = PBXBuildFile; fileRef = ECA17C5D2CCD3B9700B13270 /* TestCase.swift */; };
		ECA17C602CCD3BB800B13270 /* TestingAppDelegate.swift in Sources */ = {isa = PBXBuildFile; fileRef = ECA17C5F2CCD3BB800B13270 /* TestingAppDelegate.swift */; };
		ECA17C622CCD3BC700B13270 /* TestingRootViewController.swift in Sources */ = {isa = PBXBuildFile; fileRef = ECA17C612CCD3BC700B13270 /* TestingRootViewController.swift */; };
		ECA17C652CCD3CF600B13270 /* UIWindow.swift in Sources */ = {isa = PBXBuildFile; fileRef = ECA17C642CCD3CF600B13270 /* UIWindow.swift */; };
		ECA17C682CCD3D4D00B13270 /* CustomDump in Frameworks */ = {isa = PBXBuildFile; productRef = ECA17C672CCD3D4D00B13270 /* CustomDump */; };
		ECA17C6A2CCD3DB000B13270 /* UIImage.swift in Sources */ = {isa = PBXBuildFile; fileRef = ECA17C692CCD3DB000B13270 /* UIImage.swift */; };
/* End PBXBuildFile section */

/* Begin PBXContainerItemProxy section */
		ECA17C222CCD26FB00B13270 /* PBXContainerItemProxy */ = {
			isa = PBXContainerItemProxy;
			containerPortal = ECA17C032CCD26F900B13270 /* Project object */;
			proxyType = 1;
			remoteGlobalIDString = ECA17C0A2CCD26FA00B13270;
			remoteInfo = SLAP;
		};
/* End PBXContainerItemProxy section */

/* Begin PBXFileReference section */
		ECA17C0B2CCD26FA00B13270 /* SLAP.app */ = {isa = PBXFileReference; explicitFileType = wrapper.application; includeInIndex = 0; path = SLAP.app; sourceTree = BUILT_PRODUCTS_DIR; };
		ECA17C0E2CCD26FA00B13270 /* AppDelegate.swift */ = {isa = PBXFileReference; lastKnownFileType = sourcecode.swift; path = AppDelegate.swift; sourceTree = "<group>"; };
		ECA17C102CCD26FA00B13270 /* SceneDelegate.swift */ = {isa = PBXFileReference; lastKnownFileType = sourcecode.swift; path = SceneDelegate.swift; sourceTree = "<group>"; };
		ECA17C122CCD26FA00B13270 /* MainViewController.swift */ = {isa = PBXFileReference; lastKnownFileType = sourcecode.swift; path = MainViewController.swift; sourceTree = "<group>"; };
		ECA17C152CCD26FA00B13270 /* Base */ = {isa = PBXFileReference; lastKnownFileType = file.storyboard; name = Base; path = Base.lproj/Main.storyboard; sourceTree = "<group>"; };
		ECA17C172CCD26FB00B13270 /* Assets.xcassets */ = {isa = PBXFileReference; lastKnownFileType = folder.assetcatalog; path = Assets.xcassets; sourceTree = "<group>"; };
		ECA17C1A2CCD26FB00B13270 /* Base */ = {isa = PBXFileReference; lastKnownFileType = file.storyboard; name = Base; path = Base.lproj/LaunchScreen.storyboard; sourceTree = "<group>"; };
		ECA17C1C2CCD26FB00B13270 /* Info.plist */ = {isa = PBXFileReference; lastKnownFileType = text.plist.xml; path = Info.plist; sourceTree = "<group>"; };
		ECA17C212CCD26FB00B13270 /* SLAPTests.xctest */ = {isa = PBXFileReference; explicitFileType = wrapper.cfbundle; includeInIndex = 0; path = SLAPTests.xctest; sourceTree = BUILT_PRODUCTS_DIR; };
		ECA17C252CCD26FB00B13270 /* SLAPTests.swift */ = {isa = PBXFileReference; lastKnownFileType = sourcecode.swift; path = SLAPTests.swift; sourceTree = "<group>"; };
		ECA17C3F2CCD2DC800B13270 /* Secrets.swift */ = {isa = PBXFileReference; lastKnownFileType = sourcecode.swift; path = Secrets.swift; sourceTree = "<group>"; };
		ECA17C432CCD31E800B13270 /* ViewControllerFactory.swift */ = {isa = PBXFileReference; lastKnownFileType = sourcecode.swift; path = ViewControllerFactory.swift; sourceTree = "<group>"; };
		ECA17C462CCD321900B13270 /* AppManager.swift */ = {isa = PBXFileReference; lastKnownFileType = sourcecode.swift; path = AppManager.swift; sourceTree = "<group>"; };
		ECA17C482CCD329E00B13270 /* AppEnv.swift */ = {isa = PBXFileReference; lastKnownFileType = sourcecode.swift; path = AppEnv.swift; sourceTree = "<group>"; };
		ECA17C4A2CCD32BE00B13270 /* Config.swift */ = {isa = PBXFileReference; lastKnownFileType = sourcecode.swift; path = Config.swift; sourceTree = "<group>"; };
		ECA17C4C2CCD353500B13270 /* Defaults.swift */ = {isa = PBXFileReference; lastKnownFileType = sourcecode.swift; path = Defaults.swift; sourceTree = "<group>"; };
		ECA17C4E2CCD36D000B13270 /* Images.swift */ = {isa = PBXFileReference; lastKnownFileType = sourcecode.swift; path = Images.swift; sourceTree = "<group>"; };
		ECA17C502CCD36D800B13270 /* Style.swift */ = {isa = PBXFileReference; lastKnownFileType = sourcecode.swift; path = Style.swift; sourceTree = "<group>"; };
		ECA17C522CCD373400B13270 /* Alert.swift */ = {isa = PBXFileReference; lastKnownFileType = sourcecode.swift; path = Alert.swift; sourceTree = "<group>"; };
		ECA17C552CCD390100B13270 /* Logger.swift */ = {isa = PBXFileReference; lastKnownFileType = sourcecode.swift; path = Logger.swift; sourceTree = "<group>"; };
		ECA17C582CCD3AE900B13270 /* Completion.swift */ = {isa = PBXFileReference; lastKnownFileType = sourcecode.swift; path = Completion.swift; sourceTree = "<group>"; };
		ECA17C5D2CCD3B9700B13270 /* TestCase.swift */ = {isa = PBXFileReference; lastKnownFileType = sourcecode.swift; path = TestCase.swift; sourceTree = "<group>"; };
		ECA17C5F2CCD3BB800B13270 /* TestingAppDelegate.swift */ = {isa = PBXFileReference; lastKnownFileType = sourcecode.swift; path = TestingAppDelegate.swift; sourceTree = "<group>"; };
		ECA17C612CCD3BC700B13270 /* TestingRootViewController.swift */ = {isa = PBXFileReference; lastKnownFileType = sourcecode.swift; path = TestingRootViewController.swift; sourceTree = "<group>"; };
		ECA17C642CCD3CF600B13270 /* UIWindow.swift */ = {isa = PBXFileReference; lastKnownFileType = sourcecode.swift; path = UIWindow.swift; sourceTree = "<group>"; };
		ECA17C692CCD3DB000B13270 /* UIImage.swift */ = {isa = PBXFileReference; lastKnownFileType = sourcecode.swift; path = UIImage.swift; sourceTree = "<group>"; };
/* End PBXFileReference section */

/* Begin PBXFrameworksBuildPhase section */
		ECA17C082CCD26FA00B13270 /* Frameworks */ = {
			isa = PBXFrameworksBuildPhase;
			buildActionMask = 2147483647;
			files = (
			);
			runOnlyForDeploymentPostprocessing = 0;
		};
		ECA17C1E2CCD26FB00B13270 /* Frameworks */ = {
			isa = PBXFrameworksBuildPhase;
			buildActionMask = 2147483647;
			files = (
				ECA17C682CCD3D4D00B13270 /* CustomDump in Frameworks */,
			);
			runOnlyForDeploymentPostprocessing = 0;
		};
/* End PBXFrameworksBuildPhase section */

/* Begin PBXGroup section */
		ECA17C022CCD26F900B13270 = {
			isa = PBXGroup;
			children = (
				ECA17C0D2CCD26FA00B13270 /* SLAP */,
				ECA17C242CCD26FB00B13270 /* SLAPTests */,
				ECA17C0C2CCD26FA00B13270 /* Products */,
			);
			sourceTree = "<group>";
		};
		ECA17C0C2CCD26FA00B13270 /* Products */ = {
			isa = PBXGroup;
			children = (
				ECA17C0B2CCD26FA00B13270 /* SLAP.app */,
				ECA17C212CCD26FB00B13270 /* SLAPTests.xctest */,
			);
			name = Products;
			sourceTree = "<group>";
		};
		ECA17C0D2CCD26FA00B13270 /* SLAP */ = {
			isa = PBXGroup;
			children = (
				ECA17C412CCD317900B13270 /* AppDelegate */,
				ECA17C452CCD320300B13270 /* SceneDelegate */,
				ECA17C3E2CCD2DB500B13270 /* Controllers */,
				ECA17C422CCD31D800B13270 /* ViewControllers */,
				ECA17C542CCD38E100B13270 /* Extensions */,
				ECA17C572CCD3AAA00B13270 /* Helpers */,
				ECA17C142CCD26FA00B13270 /* Main.storyboard */,
				ECA17C172CCD26FB00B13270 /* Assets.xcassets */,
				ECA17C192CCD26FB00B13270 /* LaunchScreen.storyboard */,
				ECA17C1C2CCD26FB00B13270 /* Info.plist */,
			);
			path = SLAP;
			sourceTree = "<group>";
		};
		ECA17C242CCD26FB00B13270 /* SLAPTests */ = {
			isa = PBXGroup;
			children = (
				ECA17C5D2CCD3B9700B13270 /* TestCase.swift */,
				ECA17C5F2CCD3BB800B13270 /* TestingAppDelegate.swift */,
				ECA17C612CCD3BC700B13270 /* TestingRootViewController.swift */,
				ECA17C5A2CCD3B6F00B13270 /* Data */,
				ECA17C5B2CCD3B7500B13270 /* Fakes */,
				ECA17C5C2CCD3B7B00B13270 /* Tests */,
				ECA17C632CCD3CE600B13270 /* TestHelpers */,
				ECA17C252CCD26FB00B13270 /* SLAPTests.swift */,
			);
			path = SLAPTests;
			sourceTree = "<group>";
		};
		ECA17C3E2CCD2DB500B13270 /* Controllers */ = {
			isa = PBXGroup;
			children = (
				ECA17C482CCD329E00B13270 /* AppEnv.swift */,
				ECA17C522CCD373400B13270 /* Alert.swift */,
				ECA17C4A2CCD32BE00B13270 /* Config.swift */,
				ECA17C4C2CCD353500B13270 /* Defaults.swift */,
				ECA17C4E2CCD36D000B13270 /* Images.swift */,
				ECA17C502CCD36D800B13270 /* Style.swift */,
				ECA17C3F2CCD2DC800B13270 /* Secrets.swift */,
			);
			path = Controllers;
			sourceTree = "<group>";
		};
		ECA17C412CCD317900B13270 /* AppDelegate */ = {
			isa = PBXGroup;
			children = (
				ECA17C0E2CCD26FA00B13270 /* AppDelegate.swift */,
				ECA17C462CCD321900B13270 /* AppManager.swift */,
			);
			path = AppDelegate;
			sourceTree = "<group>";
		};
		ECA17C422CCD31D800B13270 /* ViewControllers */ = {
			isa = PBXGroup;
			children = (
				ECA17C432CCD31E800B13270 /* ViewControllerFactory.swift */,
				ECA17C122CCD26FA00B13270 /* MainViewController.swift */,
			);
			path = ViewControllers;
			sourceTree = "<group>";
		};
		ECA17C452CCD320300B13270 /* SceneDelegate */ = {
			isa = PBXGroup;
			children = (
				ECA17C102CCD26FA00B13270 /* SceneDelegate.swift */,
			);
			path = SceneDelegate;
			sourceTree = "<group>";
		};
		ECA17C542CCD38E100B13270 /* Extensions */ = {
			isa = PBXGroup;
			children = (
				ECA17C552CCD390100B13270 /* Logger.swift */,
			);
			path = Extensions;
			sourceTree = "<group>";
		};
		ECA17C572CCD3AAA00B13270 /* Helpers */ = {
			isa = PBXGroup;
			children = (
				ECA17C582CCD3AE900B13270 /* Completion.swift */,
			);
			path = Helpers;
			sourceTree = "<group>";
		};
		ECA17C5A2CCD3B6F00B13270 /* Data */ = {
			isa = PBXGroup;
			children = (
			);
			path = Data;
			sourceTree = "<group>";
		};
		ECA17C5B2CCD3B7500B13270 /* Fakes */ = {
			isa = PBXGroup;
			children = (
			);
			path = Fakes;
			sourceTree = "<group>";
		};
		ECA17C5C2CCD3B7B00B13270 /* Tests */ = {
			isa = PBXGroup;
			children = (
			);
			path = Tests;
			sourceTree = "<group>";
		};
		ECA17C632CCD3CE600B13270 /* TestHelpers */ = {
			isa = PBXGroup;
			children = (
				ECA17C642CCD3CF600B13270 /* UIWindow.swift */,
				ECA17C692CCD3DB000B13270 /* UIImage.swift */,
			);
			path = TestHelpers;
			sourceTree = "<group>";
		};
/* End PBXGroup section */

/* Begin PBXNativeTarget section */
		ECA17C0A2CCD26FA00B13270 /* SLAP */ = {
			isa = PBXNativeTarget;
			buildConfigurationList = ECA17C352CCD26FB00B13270 /* Build configuration list for PBXNativeTarget "SLAP" */;
			buildPhases = (
				ECA17C072CCD26FA00B13270 /* Sources */,
				ECA17C082CCD26FA00B13270 /* Frameworks */,
				ECA17C092CCD26FA00B13270 /* Resources */,
			);
			buildRules = (
			);
			dependencies = (
			);
			name = SLAP;
			productName = SLAP;
			productReference = ECA17C0B2CCD26FA00B13270 /* SLAP.app */;
			productType = "com.apple.product-type.application";
		};
		ECA17C202CCD26FB00B13270 /* SLAPTests */ = {
			isa = PBXNativeTarget;
			buildConfigurationList = ECA17C382CCD26FB00B13270 /* Build configuration list for PBXNativeTarget "SLAPTests" */;
			buildPhases = (
				ECA17C1D2CCD26FB00B13270 /* Sources */,
				ECA17C1E2CCD26FB00B13270 /* Frameworks */,
				ECA17C1F2CCD26FB00B13270 /* Resources */,
			);
			buildRules = (
			);
			dependencies = (
				ECA17C232CCD26FB00B13270 /* PBXTargetDependency */,
			);
			name = SLAPTests;
			packageProductDependencies = (
				ECA17C672CCD3D4D00B13270 /* CustomDump */,
			);
			productName = SLAPTests;
			productReference = ECA17C212CCD26FB00B13270 /* SLAPTests.xctest */;
			productType = "com.apple.product-type.bundle.unit-test";
		};
/* End PBXNativeTarget section */

/* Begin PBXProject section */
		ECA17C032CCD26F900B13270 /* Project object */ = {
			isa = PBXProject;
			attributes = {
				BuildIndependentTargetsInParallel = 1;
				LastSwiftUpdateCheck = 1540;
				LastUpgradeCheck = 1540;
				TargetAttributes = {
					ECA17C0A2CCD26FA00B13270 = {
						CreatedOnToolsVersion = 15.4;
					};
					ECA17C202CCD26FB00B13270 = {
						CreatedOnToolsVersion = 15.4;
						TestTargetID = ECA17C0A2CCD26FA00B13270;
					};
				};
			};
			buildConfigurationList = ECA17C062CCD26F900B13270 /* Build configuration list for PBXProject "SLAP" */;
			compatibilityVersion = "Xcode 14.0";
			developmentRegion = en;
			hasScannedForEncodings = 0;
			knownRegions = (
				en,
				Base,
			);
			mainGroup = ECA17C022CCD26F900B13270;
			packageReferences = (
				ECA17C662CCD3D4D00B13270 /* XCRemoteSwiftPackageReference "swift-custom-dump" */,
			);
			productRefGroup = ECA17C0C2CCD26FA00B13270 /* Products */;
			projectDirPath = "";
			projectRoot = "";
			targets = (
				ECA17C0A2CCD26FA00B13270 /* SLAP */,
				ECA17C202CCD26FB00B13270 /* SLAPTests */,
			);
		};
/* End PBXProject section */

/* Begin PBXResourcesBuildPhase section */
		ECA17C092CCD26FA00B13270 /* Resources */ = {
			isa = PBXResourcesBuildPhase;
			buildActionMask = 2147483647;
			files = (
				ECA17C182CCD26FB00B13270 /* Assets.xcassets in Resources */,
				ECA17C1B2CCD26FB00B13270 /* Base in Resources */,
				ECA17C162CCD26FA00B13270 /* Base in Resources */,
			);
			runOnlyForDeploymentPostprocessing = 0;
		};
		ECA17C1F2CCD26FB00B13270 /* Resources */ = {
			isa = PBXResourcesBuildPhase;
			buildActionMask = 2147483647;
			files = (
			);
			runOnlyForDeploymentPostprocessing = 0;
		};
/* End PBXResourcesBuildPhase section */

/* Begin PBXSourcesBuildPhase section */
		ECA17C072CCD26FA00B13270 /* Sources */ = {
			isa = PBXSourcesBuildPhase;
			buildActionMask = 2147483647;
			files = (
				ECA17C4D2CCD353500B13270 /* Defaults.swift in Sources */,
				ECA17C132CCD26FA00B13270 /* MainViewController.swift in Sources */,
				ECA17C442CCD31E800B13270 /* ViewControllerFactory.swift in Sources */,
				ECA17C592CCD3AE900B13270 /* Completion.swift in Sources */,
				ECA17C402CCD2DC800B13270 /* Secrets.swift in Sources */,
				ECA17C472CCD321900B13270 /* AppManager.swift in Sources */,
				ECA17C492CCD329E00B13270 /* AppEnv.swift in Sources */,
				ECA17C532CCD373400B13270 /* Alert.swift in Sources */,
				ECA17C4B2CCD32BE00B13270 /* Config.swift in Sources */,
				ECA17C4F2CCD36D000B13270 /* Images.swift in Sources */,
				ECA17C562CCD390100B13270 /* Logger.swift in Sources */,
				ECA17C0F2CCD26FA00B13270 /* AppDelegate.swift in Sources */,
				ECA17C112CCD26FA00B13270 /* SceneDelegate.swift in Sources */,
				ECA17C512CCD36D800B13270 /* Style.swift in Sources */,
			);
			runOnlyForDeploymentPostprocessing = 0;
		};
		ECA17C1D2CCD26FB00B13270 /* Sources */ = {
			isa = PBXSourcesBuildPhase;
			buildActionMask = 2147483647;
			files = (
				ECA17C602CCD3BB800B13270 /* TestingAppDelegate.swift in Sources */,
				ECA17C262CCD26FB00B13270 /* SLAPTests.swift in Sources */,
				ECA17C652CCD3CF600B13270 /* UIWindow.swift in Sources */,
				ECA17C6A2CCD3DB000B13270 /* UIImage.swift in Sources */,
				ECA17C5E2CCD3B9800B13270 /* TestCase.swift in Sources */,
				ECA17C622CCD3BC700B13270 /* TestingRootViewController.swift in Sources */,
			);
			runOnlyForDeploymentPostprocessing = 0;
		};
/* End PBXSourcesBuildPhase section */

/* Begin PBXTargetDependency section */
		ECA17C232CCD26FB00B13270 /* PBXTargetDependency */ = {
			isa = PBXTargetDependency;
			target = ECA17C0A2CCD26FA00B13270 /* SLAP */;
			targetProxy = ECA17C222CCD26FB00B13270 /* PBXContainerItemProxy */;
		};
/* End PBXTargetDependency section */

/* Begin PBXVariantGroup section */
		ECA17C142CCD26FA00B13270 /* Main.storyboard */ = {
			isa = PBXVariantGroup;
			children = (
				ECA17C152CCD26FA00B13270 /* Base */,
			);
			name = Main.storyboard;
			sourceTree = "<group>";
		};
		ECA17C192CCD26FB00B13270 /* LaunchScreen.storyboard */ = {
			isa = PBXVariantGroup;
			children = (
				ECA17C1A2CCD26FB00B13270 /* Base */,
			);
			name = LaunchScreen.storyboard;
			sourceTree = "<group>";
		};
/* End PBXVariantGroup section */

/* Begin XCBuildConfiguration section */
		ECA17C332CCD26FB00B13270 /* Debug */ = {
			isa = XCBuildConfiguration;
			buildSettings = {
				ALWAYS_SEARCH_USER_PATHS = NO;
				ASSETCATALOG_COMPILER_GENERATE_SWIFT_ASSET_SYMBOL_EXTENSIONS = YES;
				CLANG_ANALYZER_NONNULL = YES;
				CLANG_ANALYZER_NUMBER_OBJECT_CONVERSION = YES_AGGRESSIVE;
				CLANG_CXX_LANGUAGE_STANDARD = "gnu++20";
				CLANG_ENABLE_MODULES = YES;
				CLANG_ENABLE_OBJC_ARC = YES;
				CLANG_ENABLE_OBJC_WEAK = YES;
				CLANG_WARN_BLOCK_CAPTURE_AUTORELEASING = YES;
				CLANG_WARN_BOOL_CONVERSION = YES;
				CLANG_WARN_COMMA = YES;
				CLANG_WARN_CONSTANT_CONVERSION = YES;
				CLANG_WARN_DEPRECATED_OBJC_IMPLEMENTATIONS = YES;
				CLANG_WARN_DIRECT_OBJC_ISA_USAGE = YES_ERROR;
				CLANG_WARN_DOCUMENTATION_COMMENTS = YES;
				CLANG_WARN_EMPTY_BODY = YES;
				CLANG_WARN_ENUM_CONVERSION = YES;
				CLANG_WARN_INFINITE_RECURSION = YES;
				CLANG_WARN_INT_CONVERSION = YES;
				CLANG_WARN_NON_LITERAL_NULL_CONVERSION = YES;
				CLANG_WARN_OBJC_IMPLICIT_RETAIN_SELF = YES;
				CLANG_WARN_OBJC_LITERAL_CONVERSION = YES;
				CLANG_WARN_OBJC_ROOT_CLASS = YES_ERROR;
				CLANG_WARN_QUOTED_INCLUDE_IN_FRAMEWORK_HEADER = YES;
				CLANG_WARN_RANGE_LOOP_ANALYSIS = YES;
				CLANG_WARN_STRICT_PROTOTYPES = YES;
				CLANG_WARN_SUSPICIOUS_MOVE = YES;
				CLANG_WARN_UNGUARDED_AVAILABILITY = YES_AGGRESSIVE;
				CLANG_WARN_UNREACHABLE_CODE = YES;
				CLANG_WARN__DUPLICATE_METHOD_MATCH = YES;
				COPY_PHASE_STRIP = NO;
				DEBUG_INFORMATION_FORMAT = dwarf;
				ENABLE_STRICT_OBJC_MSGSEND = YES;
				ENABLE_TESTABILITY = YES;
				ENABLE_USER_SCRIPT_SANDBOXING = YES;
				GCC_C_LANGUAGE_STANDARD = gnu17;
				GCC_DYNAMIC_NO_PIC = NO;
				GCC_NO_COMMON_BLOCKS = YES;
				GCC_OPTIMIZATION_LEVEL = 0;
				GCC_PREPROCESSOR_DEFINITIONS = (
					"DEBUG=1",
					"$(inherited)",
				);
				GCC_WARN_64_TO_32_BIT_CONVERSION = YES;
				GCC_WARN_ABOUT_RETURN_TYPE = YES_ERROR;
				GCC_WARN_UNDECLARED_SELECTOR = YES;
				GCC_WARN_UNINITIALIZED_AUTOS = YES_AGGRESSIVE;
				GCC_WARN_UNUSED_FUNCTION = YES;
				GCC_WARN_UNUSED_VARIABLE = YES;
				IPHONEOS_DEPLOYMENT_TARGET = 17.5;
				LOCALIZATION_PREFERS_STRING_CATALOGS = YES;
				MTL_ENABLE_DEBUG_INFO = INCLUDE_SOURCE;
				MTL_FAST_MATH = YES;
				ONLY_ACTIVE_ARCH = YES;
				SDKROOT = iphoneos;
				SWIFT_ACTIVE_COMPILATION_CONDITIONS = "DEBUG $(inherited)";
				SWIFT_OPTIMIZATION_LEVEL = "-Onone";
			};
			name = Debug;
		};
		ECA17C342CCD26FB00B13270 /* Release */ = {
			isa = XCBuildConfiguration;
			buildSettings = {
				ALWAYS_SEARCH_USER_PATHS = NO;
				ASSETCATALOG_COMPILER_GENERATE_SWIFT_ASSET_SYMBOL_EXTENSIONS = YES;
				CLANG_ANALYZER_NONNULL = YES;
				CLANG_ANALYZER_NUMBER_OBJECT_CONVERSION = YES_AGGRESSIVE;
				CLANG_CXX_LANGUAGE_STANDARD = "gnu++20";
				CLANG_ENABLE_MODULES = YES;
				CLANG_ENABLE_OBJC_ARC = YES;
				CLANG_ENABLE_OBJC_WEAK = YES;
				CLANG_WARN_BLOCK_CAPTURE_AUTORELEASING = YES;
				CLANG_WARN_BOOL_CONVERSION = YES;
				CLANG_WARN_COMMA = YES;
				CLANG_WARN_CONSTANT_CONVERSION = YES;
				CLANG_WARN_DEPRECATED_OBJC_IMPLEMENTATIONS = YES;
				CLANG_WARN_DIRECT_OBJC_ISA_USAGE = YES_ERROR;
				CLANG_WARN_DOCUMENTATION_COMMENTS = YES;
				CLANG_WARN_EMPTY_BODY = YES;
				CLANG_WARN_ENUM_CONVERSION = YES;
				CLANG_WARN_INFINITE_RECURSION = YES;
				CLANG_WARN_INT_CONVERSION = YES;
				CLANG_WARN_NON_LITERAL_NULL_CONVERSION = YES;
				CLANG_WARN_OBJC_IMPLICIT_RETAIN_SELF = YES;
				CLANG_WARN_OBJC_LITERAL_CONVERSION = YES;
				CLANG_WARN_OBJC_ROOT_CLASS = YES_ERROR;
				CLANG_WARN_QUOTED_INCLUDE_IN_FRAMEWORK_HEADER = YES;
				CLANG_WARN_RANGE_LOOP_ANALYSIS = YES;
				CLANG_WARN_STRICT_PROTOTYPES = YES;
				CLANG_WARN_SUSPICIOUS_MOVE = YES;
				CLANG_WARN_UNGUARDED_AVAILABILITY = YES_AGGRESSIVE;
				CLANG_WARN_UNREACHABLE_CODE = YES;
				CLANG_WARN__DUPLICATE_METHOD_MATCH = YES;
				COPY_PHASE_STRIP = NO;
				DEBUG_INFORMATION_FORMAT = "dwarf-with-dsym";
				ENABLE_NS_ASSERTIONS = NO;
				ENABLE_STRICT_OBJC_MSGSEND = YES;
				ENABLE_USER_SCRIPT_SANDBOXING = YES;
				GCC_C_LANGUAGE_STANDARD = gnu17;
				GCC_NO_COMMON_BLOCKS = YES;
				GCC_WARN_64_TO_32_BIT_CONVERSION = YES;
				GCC_WARN_ABOUT_RETURN_TYPE = YES_ERROR;
				GCC_WARN_UNDECLARED_SELECTOR = YES;
				GCC_WARN_UNINITIALIZED_AUTOS = YES_AGGRESSIVE;
				GCC_WARN_UNUSED_FUNCTION = YES;
				GCC_WARN_UNUSED_VARIABLE = YES;
				IPHONEOS_DEPLOYMENT_TARGET = 17.5;
				LOCALIZATION_PREFERS_STRING_CATALOGS = YES;
				MTL_ENABLE_DEBUG_INFO = NO;
				MTL_FAST_MATH = YES;
				SDKROOT = iphoneos;
				SWIFT_COMPILATION_MODE = wholemodule;
				VALIDATE_PRODUCT = YES;
			};
			name = Release;
		};
		ECA17C362CCD26FB00B13270 /* Debug */ = {
			isa = XCBuildConfiguration;
			buildSettings = {
				ASSETCATALOG_COMPILER_APPICON_NAME = AppIcon;
				ASSETCATALOG_COMPILER_GLOBAL_ACCENT_COLOR_NAME = AccentColor;
				CODE_SIGN_STYLE = Automatic;
				CURRENT_PROJECT_VERSION = 1;
				DEVELOPMENT_TEAM = V9VQ2RXE25;
				GENERATE_INFOPLIST_FILE = YES;
				INFOPLIST_FILE = SLAP/Info.plist;
				INFOPLIST_KEY_UIApplicationSupportsIndirectInputEvents = YES;
				INFOPLIST_KEY_UILaunchStoryboardName = LaunchScreen;
				INFOPLIST_KEY_UIMainStoryboardFile = Main;
				INFOPLIST_KEY_UISupportedInterfaceOrientations_iPad = "UIInterfaceOrientationPortrait UIInterfaceOrientationPortraitUpsideDown UIInterfaceOrientationLandscapeLeft UIInterfaceOrientationLandscapeRight";
				INFOPLIST_KEY_UISupportedInterfaceOrientations_iPhone = "UIInterfaceOrientationPortrait UIInterfaceOrientationLandscapeLeft UIInterfaceOrientationLandscapeRight";
				LD_RUNPATH_SEARCH_PATHS = (
					"$(inherited)",
					"@executable_path/Frameworks",
				);
				MARKETING_VERSION = 1.0;
				PRODUCT_BUNDLE_IDENTIFIER = com.sonicbunny.SLAP;
				PRODUCT_NAME = "$(TARGET_NAME)";
				SWIFT_EMIT_LOC_STRINGS = YES;
				SWIFT_VERSION = 5.0;
				TARGETED_DEVICE_FAMILY = "1,2";
			};
			name = Debug;
		};
		ECA17C372CCD26FB00B13270 /* Release */ = {
			isa = XCBuildConfiguration;
			buildSettings = {
				ASSETCATALOG_COMPILER_APPICON_NAME = AppIcon;
				ASSETCATALOG_COMPILER_GLOBAL_ACCENT_COLOR_NAME = AccentColor;
				CODE_SIGN_STYLE = Automatic;
				CURRENT_PROJECT_VERSION = 1;
				DEVELOPMENT_TEAM = V9VQ2RXE25;
				GENERATE_INFOPLIST_FILE = YES;
				INFOPLIST_FILE = SLAP/Info.plist;
				INFOPLIST_KEY_UIApplicationSupportsIndirectInputEvents = YES;
				INFOPLIST_KEY_UILaunchStoryboardName = LaunchScreen;
				INFOPLIST_KEY_UIMainStoryboardFile = Main;
				INFOPLIST_KEY_UISupportedInterfaceOrientations_iPad = "UIInterfaceOrientationPortrait UIInterfaceOrientationPortraitUpsideDown UIInterfaceOrientationLandscapeLeft UIInterfaceOrientationLandscapeRight";
				INFOPLIST_KEY_UISupportedInterfaceOrientations_iPhone = "UIInterfaceOrientationPortrait UIInterfaceOrientationLandscapeLeft UIInterfaceOrientationLandscapeRight";
				LD_RUNPATH_SEARCH_PATHS = (
					"$(inherited)",
					"@executable_path/Frameworks",
				);
				MARKETING_VERSION = 1.0;
				PRODUCT_BUNDLE_IDENTIFIER = com.sonicbunny.SLAP;
				PRODUCT_NAME = "$(TARGET_NAME)";
				SWIFT_EMIT_LOC_STRINGS = YES;
				SWIFT_VERSION = 5.0;
				TARGETED_DEVICE_FAMILY = "1,2";
			};
			name = Release;
		};
		ECA17C392CCD26FB00B13270 /* Debug */ = {
			isa = XCBuildConfiguration;
			buildSettings = {
				ALWAYS_EMBED_SWIFT_STANDARD_LIBRARIES = YES;
				BUNDLE_LOADER = "$(TEST_HOST)";
				CODE_SIGN_STYLE = Automatic;
				CURRENT_PROJECT_VERSION = 1;
				DEVELOPMENT_TEAM = V9VQ2RXE25;
				GENERATE_INFOPLIST_FILE = YES;
				IPHONEOS_DEPLOYMENT_TARGET = 17.5;
				MARKETING_VERSION = 1.0;
				PRODUCT_BUNDLE_IDENTIFIER = com.sonicbunny.SLAPTests;
				PRODUCT_NAME = "$(TARGET_NAME)";
				SWIFT_EMIT_LOC_STRINGS = NO;
				SWIFT_VERSION = 5.0;
				TARGETED_DEVICE_FAMILY = "1,2";
				TEST_HOST = "$(BUILT_PRODUCTS_DIR)/SLAP.app/$(BUNDLE_EXECUTABLE_FOLDER_PATH)/SLAP";
			};
			name = Debug;
		};
		ECA17C3A2CCD26FB00B13270 /* Release */ = {
			isa = XCBuildConfiguration;
			buildSettings = {
				ALWAYS_EMBED_SWIFT_STANDARD_LIBRARIES = YES;
				BUNDLE_LOADER = "$(TEST_HOST)";
				CODE_SIGN_STYLE = Automatic;
				CURRENT_PROJECT_VERSION = 1;
				DEVELOPMENT_TEAM = V9VQ2RXE25;
				GENERATE_INFOPLIST_FILE = YES;
				IPHONEOS_DEPLOYMENT_TARGET = 17.5;
				MARKETING_VERSION = 1.0;
				PRODUCT_BUNDLE_IDENTIFIER = com.sonicbunny.SLAPTests;
				PRODUCT_NAME = "$(TARGET_NAME)";
				SWIFT_EMIT_LOC_STRINGS = NO;
				SWIFT_VERSION = 5.0;
				TARGETED_DEVICE_FAMILY = "1,2";
				TEST_HOST = "$(BUILT_PRODUCTS_DIR)/SLAP.app/$(BUNDLE_EXECUTABLE_FOLDER_PATH)/SLAP";
			};
			name = Release;
		};
/* End XCBuildConfiguration section */

/* Begin XCConfigurationList section */
		ECA17C062CCD26F900B13270 /* Build configuration list for PBXProject "SLAP" */ = {
			isa = XCConfigurationList;
			buildConfigurations = (
				ECA17C332CCD26FB00B13270 /* Debug */,
				ECA17C342CCD26FB00B13270 /* Release */,
			);
			defaultConfigurationIsVisible = 0;
			defaultConfigurationName = Release;
		};
		ECA17C352CCD26FB00B13270 /* Build configuration list for PBXNativeTarget "SLAP" */ = {
			isa = XCConfigurationList;
			buildConfigurations = (
				ECA17C362CCD26FB00B13270 /* Debug */,
				ECA17C372CCD26FB00B13270 /* Release */,
			);
			defaultConfigurationIsVisible = 0;
			defaultConfigurationName = Release;
		};
		ECA17C382CCD26FB00B13270 /* Build configuration list for PBXNativeTarget "SLAPTests" */ = {
			isa = XCConfigurationList;
			buildConfigurations = (
				ECA17C392CCD26FB00B13270 /* Debug */,
				ECA17C3A2CCD26FB00B13270 /* Release */,
			);
			defaultConfigurationIsVisible = 0;
			defaultConfigurationName = Release;
		};
/* End XCConfigurationList section */

/* Begin XCRemoteSwiftPackageReference section */
		ECA17C662CCD3D4D00B13270 /* XCRemoteSwiftPackageReference "swift-custom-dump" */ = {
			isa = XCRemoteSwiftPackageReference;
			repositoryURL = "https://github.com/pointfreeco/swift-custom-dump.git";
			requirement = {
				kind = upToNextMajorVersion;
				minimumVersion = 1.3.3;
			};
		};
/* End XCRemoteSwiftPackageReference section */

/* Begin XCSwiftPackageProductDependency section */
		ECA17C672CCD3D4D00B13270 /* CustomDump */ = {
			isa = XCSwiftPackageProductDependency;
			package = ECA17C662CCD3D4D00B13270 /* XCRemoteSwiftPackageReference "swift-custom-dump" */;
			productName = CustomDump;
		};
/* End XCSwiftPackageProductDependency section */
	};
	rootObject = ECA17C032CCD26F900B13270 /* Project object */;
}
