// !$*UTF8*$!
{
	archiveVersion = 1;
	classes = {
	};
	objectVersion = 56;
	objects = {

/* Begin PBXBuildFile section */
		ECA17C0F2CCD26FA00B13270 /* AppDelegate.swift in Sources */ = {isa = PBXBuildFile; fileRef = ECA17C0E2CCD26FA00B13270 /* AppDelegate.swift */; };
		ECA17C132CCD26FA00B13270 /* MainViewController.swift in Sources */ = {isa = PBXBuildFile; fileRef = ECA17C122CCD26FA00B13270 /* MainViewController.swift */; };
		ECA17C162CCD26FA00B13270 /* Base in Resources */ = {isa = PBXBuildFile; fileRef = ECA17C152CCD26FA00B13270 /* Base */; };
		ECA17C182CCD26FB00B13270 /* Assets.xcassets in Resources */ = {isa = PBXBuildFile; fileRef = ECA17C172CCD26FB00B13270 /* Assets.xcassets */; };
		ECA17C1B2CCD26FB00B13270 /* Base in Resources */ = {isa = PBXBuildFile; fileRef = ECA17C1A2CCD26FB00B13270 /* Base */; };
		ECA17C402CCD2DC800B13270 /* Secrets.swift in Sources */ = {isa = PBXBuildFile; fileRef = ECA17C3F2CCD2DC800B13270 /* Secrets.swift */; };
		ECA17C442CCD31E800B13270 /* ViewControllerFactory.swift in Sources */ = {isa = PBXBuildFile; fileRef = ECA17C432CCD31E800B13270 /* ViewControllerFactory.swift */; };
		ECA17C472CCD321900B13270 /* AppManager.swift in Sources */ = {isa = PBXBuildFile; fileRef = ECA17C462CCD321900B13270 /* AppManager.swift */; };
		ECA17C492CCD329E00B13270 /* AppEnv.swift in Sources */ = {isa = PBXBuildFile; fileRef = ECA17C482CCD329E00B13270 /* AppEnv.swift */; };
		ECA17C4B2CCD32BE00B13270 /* Config.swift in Sources */ = {isa = PBXBuildFile; fileRef = ECA17C4A2CCD32BE00B13270 /* Config.swift */; };
		ECA17C4D2CCD353500B13270 /* Defaults.swift in Sources */ = {isa = PBXBuildFile; fileRef = ECA17C4C2CCD353500B13270 /* Defaults.swift */; };
		ECA17C4F2CCD36D000B13270 /* Images.swift in Sources */ = {isa = PBXBuildFile; fileRef = ECA17C4E2CCD36D000B13270 /* Images.swift */; };
		ECA17C512CCD36D800B13270 /* Style.swift in Sources */ = {isa = PBXBuildFile; fileRef = ECA17C502CCD36D800B13270 /* Style.swift */; };
		ECA17C532CCD373400B13270 /* Alert.swift in Sources */ = {isa = PBXBuildFile; fileRef = ECA17C522CCD373400B13270 /* Alert.swift */; };
		ECA17C562CCD390100B13270 /* Logger.swift in Sources */ = {isa = PBXBuildFile; fileRef = ECA17C552CCD390100B13270 /* Logger.swift */; };
		ECA17C592CCD3AE900B13270 /* Completion.swift in Sources */ = {isa = PBXBuildFile; fileRef = ECA17C582CCD3AE900B13270 /* Completion.swift */; };
		ECA17C5E2CCD3B9800B13270 /* TestCase.swift in Sources */ = {isa = PBXBuildFile; fileRef = ECA17C5D2CCD3B9700B13270 /* TestCase.swift */; };
		ECA17C602CCD3BB800B13270 /* TestingAppDelegate.swift in Sources */ = {isa = PBXBuildFile; fileRef = ECA17C5F2CCD3BB800B13270 /* TestingAppDelegate.swift */; };
		ECA17C622CCD3BC700B13270 /* TestingRootViewController.swift in Sources */ = {isa = PBXBuildFile; fileRef = ECA17C612CCD3BC700B13270 /* TestingRootViewController.swift */; };
		ECA17C652CCD3CF600B13270 /* UIWindow.swift in Sources */ = {isa = PBXBuildFile; fileRef = ECA17C642CCD3CF600B13270 /* UIWindow.swift */; };
		ECA17C682CCD3D4D00B13270 /* CustomDump in Frameworks */ = {isa = PBXBuildFile; productRef = ECA17C672CCD3D4D00B13270 /* CustomDump */; };
		ECA17C6A2CCD3DB000B13270 /* UIImage.swift in Sources */ = {isa = PBXBuildFile; fileRef = ECA17C692CCD3DB000B13270 /* UIImage.swift */; };
		ECA17C6D2CCD3FEE00B13270 /* main.swift in Sources */ = {isa = PBXBuildFile; fileRef = ECA17C6C2CCD3FEE00B13270 /* main.swift */; };
		ECA17C6F2CCD414A00B13270 /* AppEnv.swift in Sources */ = {isa = PBXBuildFile; fileRef = ECA17C6E2CCD414A00B13270 /* AppEnv.swift */; };
		ECA17C712CCD418400B13270 /* FakeConfig.swift in Sources */ = {isa = PBXBuildFile; fileRef = ECA17C702CCD418400B13270 /* FakeConfig.swift */; };
		ECA17C732CCD418B00B13270 /* FakeAlert.swift in Sources */ = {isa = PBXBuildFile; fileRef = ECA17C722CCD418B00B13270 /* FakeAlert.swift */; };
		ECA17C752CCD419400B13270 /* FakeDefaults.swift in Sources */ = {isa = PBXBuildFile; fileRef = ECA17C742CCD419400B13270 /* FakeDefaults.swift */; };
		ECA17C792CCD664300B13270 /* Api.swift in Sources */ = {isa = PBXBuildFile; fileRef = ECA17C782CCD664300B13270 /* Api.swift */; };
		ECA17C7B2CCD664D00B13270 /* Storage.swift in Sources */ = {isa = PBXBuildFile; fileRef = ECA17C7A2CCD664D00B13270 /* Storage.swift */; };
		ECA17C7D2CCD66A900B13270 /* FakeStorage.swift in Sources */ = {isa = PBXBuildFile; fileRef = ECA17C7C2CCD66A900B13270 /* FakeStorage.swift */; };
		ECA17C7F2CCD66E400B13270 /* FakeApi.swift in Sources */ = {isa = PBXBuildFile; fileRef = ECA17C7E2CCD66E400B13270 /* FakeApi.swift */; };
		ECA17C842CCD696900B13270 /* LinksViewController.swift in Sources */ = {isa = PBXBuildFile; fileRef = ECA17C832CCD696900B13270 /* LinksViewController.swift */; };
		ECA17C8C2CCD69B900B13270 /* ListViewController.swift in Sources */ = {isa = PBXBuildFile; fileRef = ECA17C8B2CCD69B900B13270 /* ListViewController.swift */; };
		ECA17C8E2CCD69C500B13270 /* List.storyboard in Resources */ = {isa = PBXBuildFile; fileRef = ECA17C8D2CCD69C500B13270 /* List.storyboard */; };
		ECA17C902CCD6BE900B13270 /* ListMode.swift in Sources */ = {isa = PBXBuildFile; fileRef = ECA17C8F2CCD6BE800B13270 /* ListMode.swift */; };
		ECA17C932CCD6CD600B13270 /* DetailViewController.swift in Sources */ = {isa = PBXBuildFile; fileRef = ECA17C922CCD6CD600B13270 /* DetailViewController.swift */; };
		ECA17C952CCD6CE000B13270 /* Detail.storyboard in Resources */ = {isa = PBXBuildFile; fileRef = ECA17C942CCD6CE000B13270 /* Detail.storyboard */; };
		ECA17C972CCD71A800B13270 /* UIView.swift in Sources */ = {isa = PBXBuildFile; fileRef = ECA17C962CCD71A800B13270 /* UIView.swift */; };
		ECA17C992CCD754900B13270 /* MainTabBarTag.swift in Sources */ = {isa = PBXBuildFile; fileRef = ECA17C982CCD754900B13270 /* MainTabBarTag.swift */; };
		ECA17C9B2CCD906200B13270 /* WebLinks.swift in Sources */ = {isa = PBXBuildFile; fileRef = ECA17C9A2CCD906200B13270 /* WebLinks.swift */; };
		ECA17C9D2CCD928000B13270 /* FakeWebLinks.swift in Sources */ = {isa = PBXBuildFile; fileRef = ECA17C9C2CCD928000B13270 /* FakeWebLinks.swift */; };
		ECA17C9F2CCD962D00B13270 /* NSLayoutConstraint.swift in Sources */ = {isa = PBXBuildFile; fileRef = ECA17C9E2CCD962D00B13270 /* NSLayoutConstraint.swift */; };
		ECA17CA22CCD971200B13270 /* Spacer.swift in Sources */ = {isa = PBXBuildFile; fileRef = ECA17CA12CCD971200B13270 /* Spacer.swift */; };
		ECA17CA52CCD99D000B13270 /* LinksViewControllerTests.swift in Sources */ = {isa = PBXBuildFile; fileRef = ECA17CA42CCD99D000B13270 /* LinksViewControllerTests.swift */; };
		ECA17CA72CCD9B0900B13270 /* UIAction.swift in Sources */ = {isa = PBXBuildFile; fileRef = ECA17CA62CCD9B0900B13270 /* UIAction.swift */; };
		ECA17CAB2CCDC77000B13270 /* rabbits.json in Resources */ = {isa = PBXBuildFile; fileRef = ECA17CA92CCDC77000B13270 /* rabbits.json */; };
		ECA17CAC2CCDC77000B13270 /* rabbit.json in Resources */ = {isa = PBXBuildFile; fileRef = ECA17CAA2CCDC77000B13270 /* rabbit.json */; };
		ECA17CAE2CCDCB8200B13270 /* RabbitStruct.swift in Sources */ = {isa = PBXBuildFile; fileRef = ECA17CAD2CCDCB8200B13270 /* RabbitStruct.swift */; };
		ECA17CB12CCDCE0500B13270 /* RabbitSex.swift in Sources */ = {isa = PBXBuildFile; fileRef = ECA17CB02CCDCE0500B13270 /* RabbitSex.swift */; };
		ECA17CB42CCDD04700B13270 /* RabbitStructTests.swift in Sources */ = {isa = PBXBuildFile; fileRef = ECA17CB32CCDD04700B13270 /* RabbitStructTests.swift */; };
		ECA17CB62CCDD0BE00B13270 /* Data.swift in Sources */ = {isa = PBXBuildFile; fileRef = ECA17CB52CCDD0BE00B13270 /* Data.swift */; };
		ECA17CB82CCDD6F400B13270 /* RabbitList.swift in Sources */ = {isa = PBXBuildFile; fileRef = ECA17CB72CCDD6F400B13270 /* RabbitList.swift */; };
		ECA17CBA2CCDD96600B13270 /* rabbits.publishable.json in Resources */ = {isa = PBXBuildFile; fileRef = ECA17CB92CCDD96600B13270 /* rabbits.publishable.json */; };
		ECA17CBD2CCE7EB600B13270 /* Storage_Api.swift in Sources */ = {isa = PBXBuildFile; fileRef = ECA17CBC2CCE7EB600B13270 /* Storage_Api.swift */; };
		ECA17CBF2CCE81C200B13270 /* DefaultsTests.swift in Sources */ = {isa = PBXBuildFile; fileRef = ECA17CBE2CCE81C200B13270 /* DefaultsTests.swift */; };
		ECA17CC32CCE87DF00B13270 /* Endpoint.swift in Sources */ = {isa = PBXBuildFile; fileRef = ECA17CC22CCE87DF00B13270 /* Endpoint.swift */; };
		ECA17CC52CCE882600B13270 /* Server.swift in Sources */ = {isa = PBXBuildFile; fileRef = ECA17CC42CCE882600B13270 /* Server.swift */; };
		ECA17CC72CCE8B7300B13270 /* RabbitStruct_Endpoints.swift in Sources */ = {isa = PBXBuildFile; fileRef = ECA17CC62CCE8B7300B13270 /* RabbitStruct_Endpoints.swift */; };
		ECA17CC92CCE8C9C00B13270 /* RabbitList_Endpoints.swift in Sources */ = {isa = PBXBuildFile; fileRef = ECA17CC82CCE8C9C00B13270 /* RabbitList_Endpoints.swift */; };
		ECA17CCD2CCE94F100B13270 /* ImagesTests.swift in Sources */ = {isa = PBXBuildFile; fileRef = ECA17CCC2CCE94F100B13270 /* ImagesTests.swift */; };
		ECA17CCF2CCE94FC00B13270 /* SecretsTests.swift in Sources */ = {isa = PBXBuildFile; fileRef = ECA17CCE2CCE94FC00B13270 /* SecretsTests.swift */; };
		ECA17CD22CCEA72700B13270 /* RabbitEndpointTests.swift in Sources */ = {isa = PBXBuildFile; fileRef = ECA17CD12CCEA72700B13270 /* RabbitEndpointTests.swift */; };
		ECA17CD42CCEA74700B13270 /* RabbitListEndpointTests.swift in Sources */ = {isa = PBXBuildFile; fileRef = ECA17CD32CCEA74600B13270 /* RabbitListEndpointTests.swift */; };
		ECA17CD62CCEAACC00B13270 /* UrlProtocolMock.swift in Sources */ = {isa = PBXBuildFile; fileRef = ECA17CD52CCEAACC00B13270 /* UrlProtocolMock.swift */; };
		ECA17CD82CCEABB500B13270 /* ApiTests.swift in Sources */ = {isa = PBXBuildFile; fileRef = ECA17CD72CCEABB500B13270 /* ApiTests.swift */; };
		ECA17CDA2CCEDD5C00B13270 /* StorageTests.swift in Sources */ = {isa = PBXBuildFile; fileRef = ECA17CD92CCEDD5C00B13270 /* StorageTests.swift */; };
		ECA17CDC2CCEF11400B13270 /* FakeNotificationCenter.swift in Sources */ = {isa = PBXBuildFile; fileRef = ECA17CDB2CCEF11400B13270 /* FakeNotificationCenter.swift */; };
		ECA17CE12CD05DCF00B13270 /* SLAP.xcdatamodeld in Sources */ = {isa = PBXBuildFile; fileRef = ECA17CDF2CD05DCF00B13270 /* SLAP.xcdatamodeld */; };
		ECA17CE32CD05EBB00B13270 /* Rabbit.swift in Sources */ = {isa = PBXBuildFile; fileRef = ECA17CE22CD05EBB00B13270 /* Rabbit.swift */; };
		ECA17CE52CD060AD00B13270 /* GenericError.swift in Sources */ = {isa = PBXBuildFile; fileRef = ECA17CE42CD060AD00B13270 /* GenericError.swift */; };
		ECA17CE72CD061F500B13270 /* Storage_Rabbit.swift in Sources */ = {isa = PBXBuildFile; fileRef = ECA17CE62CD061F500B13270 /* Storage_Rabbit.swift */; };
		ECA17CE92CD0665000B13270 /* UIImageTransformer.swift in Sources */ = {isa = PBXBuildFile; fileRef = ECA17CE82CD0665000B13270 /* UIImageTransformer.swift */; };
		ECA17CEB2CD070F500B13270 /* ImageModel.swift in Sources */ = {isa = PBXBuildFile; fileRef = ECA17CEA2CD070F500B13270 /* ImageModel.swift */; };
		ECA17CED2CD0713400B13270 /* Storage_ImageModel.swift in Sources */ = {isa = PBXBuildFile; fileRef = ECA17CEC2CD0713400B13270 /* Storage_ImageModel.swift */; };
		ECA17CF12CD07F3300B13270 /* RabbitTests.swift in Sources */ = {isa = PBXBuildFile; fileRef = ECA17CF02CD07F3300B13270 /* RabbitTests.swift */; };
		ECA17D322CD1796700B13270 /* ViewControllerFactoryTests.swift in Sources */ = {isa = PBXBuildFile; fileRef = ECA17D312CD1796700B13270 /* ViewControllerFactoryTests.swift */; };
/* End PBXBuildFile section */

/* Begin PBXContainerItemProxy section */
		ECA17C222CCD26FB00B13270 /* PBXContainerItemProxy */ = {
			isa = PBXContainerItemProxy;
			containerPortal = ECA17C032CCD26F900B13270 /* Project object */;
			proxyType = 1;
			remoteGlobalIDString = ECA17C0A2CCD26FA00B13270;
			remoteInfo = SLAP;
		};
/* End PBXContainerItemProxy section */

/* Begin PBXFileReference section */
		ECA17C0B2CCD26FA00B13270 /* SLAP.app */ = {isa = PBXFileReference; explicitFileType = wrapper.application; includeInIndex = 0; path = SLAP.app; sourceTree = BUILT_PRODUCTS_DIR; };
		ECA17C0E2CCD26FA00B13270 /* AppDelegate.swift */ = {isa = PBXFileReference; lastKnownFileType = sourcecode.swift; path = AppDelegate.swift; sourceTree = "<group>"; };
		ECA17C122CCD26FA00B13270 /* MainViewController.swift */ = {isa = PBXFileReference; lastKnownFileType = sourcecode.swift; path = MainViewController.swift; sourceTree = "<group>"; };
		ECA17C152CCD26FA00B13270 /* Base */ = {isa = PBXFileReference; lastKnownFileType = file.storyboard; name = Base; path = Base.lproj/Main.storyboard; sourceTree = "<group>"; };
		ECA17C172CCD26FB00B13270 /* Assets.xcassets */ = {isa = PBXFileReference; lastKnownFileType = folder.assetcatalog; path = Assets.xcassets; sourceTree = "<group>"; };
		ECA17C1A2CCD26FB00B13270 /* Base */ = {isa = PBXFileReference; lastKnownFileType = file.storyboard; name = Base; path = Base.lproj/LaunchScreen.storyboard; sourceTree = "<group>"; };
		ECA17C1C2CCD26FB00B13270 /* Info.plist */ = {isa = PBXFileReference; lastKnownFileType = text.plist.xml; path = Info.plist; sourceTree = "<group>"; };
		ECA17C212CCD26FB00B13270 /* SLAPTests.xctest */ = {isa = PBXFileReference; explicitFileType = wrapper.cfbundle; includeInIndex = 0; path = SLAPTests.xctest; sourceTree = BUILT_PRODUCTS_DIR; };
		ECA17C3F2CCD2DC800B13270 /* Secrets.swift */ = {isa = PBXFileReference; lastKnownFileType = sourcecode.swift; path = Secrets.swift; sourceTree = "<group>"; };
		ECA17C432CCD31E800B13270 /* ViewControllerFactory.swift */ = {isa = PBXFileReference; lastKnownFileType = sourcecode.swift; path = ViewControllerFactory.swift; sourceTree = "<group>"; };
		ECA17C462CCD321900B13270 /* AppManager.swift */ = {isa = PBXFileReference; lastKnownFileType = sourcecode.swift; path = AppManager.swift; sourceTree = "<group>"; };
		ECA17C482CCD329E00B13270 /* AppEnv.swift */ = {isa = PBXFileReference; lastKnownFileType = sourcecode.swift; path = AppEnv.swift; sourceTree = "<group>"; };
		ECA17C4A2CCD32BE00B13270 /* Config.swift */ = {isa = PBXFileReference; lastKnownFileType = sourcecode.swift; path = Config.swift; sourceTree = "<group>"; };
		ECA17C4C2CCD353500B13270 /* Defaults.swift */ = {isa = PBXFileReference; lastKnownFileType = sourcecode.swift; path = Defaults.swift; sourceTree = "<group>"; };
		ECA17C4E2CCD36D000B13270 /* Images.swift */ = {isa = PBXFileReference; lastKnownFileType = sourcecode.swift; path = Images.swift; sourceTree = "<group>"; };
		ECA17C502CCD36D800B13270 /* Style.swift */ = {isa = PBXFileReference; lastKnownFileType = sourcecode.swift; path = Style.swift; sourceTree = "<group>"; };
		ECA17C522CCD373400B13270 /* Alert.swift */ = {isa = PBXFileReference; lastKnownFileType = sourcecode.swift; path = Alert.swift; sourceTree = "<group>"; };
		ECA17C552CCD390100B13270 /* Logger.swift */ = {isa = PBXFileReference; lastKnownFileType = sourcecode.swift; path = Logger.swift; sourceTree = "<group>"; };
		ECA17C582CCD3AE900B13270 /* Completion.swift */ = {isa = PBXFileReference; lastKnownFileType = sourcecode.swift; path = Completion.swift; sourceTree = "<group>"; };
		ECA17C5D2CCD3B9700B13270 /* TestCase.swift */ = {isa = PBXFileReference; lastKnownFileType = sourcecode.swift; path = TestCase.swift; sourceTree = "<group>"; };
		ECA17C5F2CCD3BB800B13270 /* TestingAppDelegate.swift */ = {isa = PBXFileReference; lastKnownFileType = sourcecode.swift; path = TestingAppDelegate.swift; sourceTree = "<group>"; };
		ECA17C612CCD3BC700B13270 /* TestingRootViewController.swift */ = {isa = PBXFileReference; lastKnownFileType = sourcecode.swift; path = TestingRootViewController.swift; sourceTree = "<group>"; };
		ECA17C642CCD3CF600B13270 /* UIWindow.swift */ = {isa = PBXFileReference; lastKnownFileType = sourcecode.swift; path = UIWindow.swift; sourceTree = "<group>"; };
		ECA17C692CCD3DB000B13270 /* UIImage.swift */ = {isa = PBXFileReference; lastKnownFileType = sourcecode.swift; path = UIImage.swift; sourceTree = "<group>"; };
		ECA17C6C2CCD3FEE00B13270 /* main.swift */ = {isa = PBXFileReference; lastKnownFileType = sourcecode.swift; path = main.swift; sourceTree = "<group>"; };
		ECA17C6E2CCD414A00B13270 /* AppEnv.swift */ = {isa = PBXFileReference; lastKnownFileType = sourcecode.swift; path = AppEnv.swift; sourceTree = "<group>"; };
		ECA17C702CCD418400B13270 /* FakeConfig.swift */ = {isa = PBXFileReference; lastKnownFileType = sourcecode.swift; path = FakeConfig.swift; sourceTree = "<group>"; };
		ECA17C722CCD418B00B13270 /* FakeAlert.swift */ = {isa = PBXFileReference; lastKnownFileType = sourcecode.swift; path = FakeAlert.swift; sourceTree = "<group>"; };
		ECA17C742CCD419400B13270 /* FakeDefaults.swift */ = {isa = PBXFileReference; lastKnownFileType = sourcecode.swift; path = FakeDefaults.swift; sourceTree = "<group>"; };
		ECA17C782CCD664300B13270 /* Api.swift */ = {isa = PBXFileReference; lastKnownFileType = sourcecode.swift; path = Api.swift; sourceTree = "<group>"; };
		ECA17C7A2CCD664D00B13270 /* Storage.swift */ = {isa = PBXFileReference; lastKnownFileType = sourcecode.swift; path = Storage.swift; sourceTree = "<group>"; };
		ECA17C7C2CCD66A900B13270 /* FakeStorage.swift */ = {isa = PBXFileReference; lastKnownFileType = sourcecode.swift; path = FakeStorage.swift; sourceTree = "<group>"; };
		ECA17C7E2CCD66E400B13270 /* FakeApi.swift */ = {isa = PBXFileReference; lastKnownFileType = sourcecode.swift; path = FakeApi.swift; sourceTree = "<group>"; };
		ECA17C832CCD696900B13270 /* LinksViewController.swift */ = {isa = PBXFileReference; lastKnownFileType = sourcecode.swift; path = LinksViewController.swift; sourceTree = "<group>"; };
		ECA17C8B2CCD69B900B13270 /* ListViewController.swift */ = {isa = PBXFileReference; lastKnownFileType = sourcecode.swift; path = ListViewController.swift; sourceTree = "<group>"; };
		ECA17C8D2CCD69C500B13270 /* List.storyboard */ = {isa = PBXFileReference; lastKnownFileType = file.storyboard; path = List.storyboard; sourceTree = "<group>"; };
		ECA17C8F2CCD6BE800B13270 /* ListMode.swift */ = {isa = PBXFileReference; lastKnownFileType = sourcecode.swift; path = ListMode.swift; sourceTree = "<group>"; };
		ECA17C922CCD6CD600B13270 /* DetailViewController.swift */ = {isa = PBXFileReference; lastKnownFileType = sourcecode.swift; path = DetailViewController.swift; sourceTree = "<group>"; };
		ECA17C942CCD6CE000B13270 /* Detail.storyboard */ = {isa = PBXFileReference; lastKnownFileType = file.storyboard; path = Detail.storyboard; sourceTree = "<group>"; };
		ECA17C962CCD71A800B13270 /* UIView.swift */ = {isa = PBXFileReference; lastKnownFileType = sourcecode.swift; path = UIView.swift; sourceTree = "<group>"; };
		ECA17C982CCD754900B13270 /* MainTabBarTag.swift */ = {isa = PBXFileReference; lastKnownFileType = sourcecode.swift; path = MainTabBarTag.swift; sourceTree = "<group>"; };
		ECA17C9A2CCD906200B13270 /* WebLinks.swift */ = {isa = PBXFileReference; lastKnownFileType = sourcecode.swift; path = WebLinks.swift; sourceTree = "<group>"; };
		ECA17C9C2CCD928000B13270 /* FakeWebLinks.swift */ = {isa = PBXFileReference; lastKnownFileType = sourcecode.swift; path = FakeWebLinks.swift; sourceTree = "<group>"; };
		ECA17C9E2CCD962D00B13270 /* NSLayoutConstraint.swift */ = {isa = PBXFileReference; lastKnownFileType = sourcecode.swift; path = NSLayoutConstraint.swift; sourceTree = "<group>"; };
		ECA17CA12CCD971200B13270 /* Spacer.swift */ = {isa = PBXFileReference; lastKnownFileType = sourcecode.swift; path = Spacer.swift; sourceTree = "<group>"; };
		ECA17CA42CCD99D000B13270 /* LinksViewControllerTests.swift */ = {isa = PBXFileReference; lastKnownFileType = sourcecode.swift; path = LinksViewControllerTests.swift; sourceTree = "<group>"; };
		ECA17CA62CCD9B0900B13270 /* UIAction.swift */ = {isa = PBXFileReference; lastKnownFileType = sourcecode.swift; path = UIAction.swift; sourceTree = "<group>"; };
		ECA17CA82CCD9D6900B13270 /* SLAP.xctestplan */ = {isa = PBXFileReference; lastKnownFileType = text; path = SLAP.xctestplan; sourceTree = "<group>"; };
		ECA17CA92CCDC77000B13270 /* rabbits.json */ = {isa = PBXFileReference; fileEncoding = 4; lastKnownFileType = text.json; path = rabbits.json; sourceTree = "<group>"; };
		ECA17CAA2CCDC77000B13270 /* rabbit.json */ = {isa = PBXFileReference; fileEncoding = 4; lastKnownFileType = text.json; path = rabbit.json; sourceTree = "<group>"; };
		ECA17CAD2CCDCB8200B13270 /* RabbitStruct.swift */ = {isa = PBXFileReference; lastKnownFileType = sourcecode.swift; path = RabbitStruct.swift; sourceTree = "<group>"; };
		ECA17CB02CCDCE0500B13270 /* RabbitSex.swift */ = {isa = PBXFileReference; lastKnownFileType = sourcecode.swift; path = RabbitSex.swift; sourceTree = "<group>"; };
		ECA17CB32CCDD04700B13270 /* RabbitStructTests.swift */ = {isa = PBXFileReference; lastKnownFileType = sourcecode.swift; path = RabbitStructTests.swift; sourceTree = "<group>"; };
		ECA17CB52CCDD0BE00B13270 /* Data.swift */ = {isa = PBXFileReference; lastKnownFileType = sourcecode.swift; path = Data.swift; sourceTree = "<group>"; };
		ECA17CB72CCDD6F400B13270 /* RabbitList.swift */ = {isa = PBXFileReference; lastKnownFileType = sourcecode.swift; path = RabbitList.swift; sourceTree = "<group>"; };
		ECA17CB92CCDD96600B13270 /* rabbits.publishable.json */ = {isa = PBXFileReference; fileEncoding = 4; lastKnownFileType = text.json; path = rabbits.publishable.json; sourceTree = "<group>"; };
		ECA17CBC2CCE7EB600B13270 /* Storage_Api.swift */ = {isa = PBXFileReference; lastKnownFileType = sourcecode.swift; path = Storage_Api.swift; sourceTree = "<group>"; };
		ECA17CBE2CCE81C200B13270 /* DefaultsTests.swift */ = {isa = PBXFileReference; lastKnownFileType = sourcecode.swift; path = DefaultsTests.swift; sourceTree = "<group>"; };
		ECA17CC22CCE87DF00B13270 /* Endpoint.swift */ = {isa = PBXFileReference; lastKnownFileType = sourcecode.swift; path = Endpoint.swift; sourceTree = "<group>"; };
		ECA17CC42CCE882600B13270 /* Server.swift */ = {isa = PBXFileReference; lastKnownFileType = sourcecode.swift; path = Server.swift; sourceTree = "<group>"; };
		ECA17CC62CCE8B7300B13270 /* RabbitStruct_Endpoints.swift */ = {isa = PBXFileReference; lastKnownFileType = sourcecode.swift; path = RabbitStruct_Endpoints.swift; sourceTree = "<group>"; };
		ECA17CC82CCE8C9C00B13270 /* RabbitList_Endpoints.swift */ = {isa = PBXFileReference; lastKnownFileType = sourcecode.swift; path = RabbitList_Endpoints.swift; sourceTree = "<group>"; };
		ECA17CCC2CCE94F100B13270 /* ImagesTests.swift */ = {isa = PBXFileReference; lastKnownFileType = sourcecode.swift; path = ImagesTests.swift; sourceTree = "<group>"; };
		ECA17CCE2CCE94FC00B13270 /* SecretsTests.swift */ = {isa = PBXFileReference; lastKnownFileType = sourcecode.swift; path = SecretsTests.swift; sourceTree = "<group>"; };
		ECA17CD12CCEA72700B13270 /* RabbitEndpointTests.swift */ = {isa = PBXFileReference; lastKnownFileType = sourcecode.swift; path = RabbitEndpointTests.swift; sourceTree = "<group>"; };
		ECA17CD32CCEA74600B13270 /* RabbitListEndpointTests.swift */ = {isa = PBXFileReference; lastKnownFileType = sourcecode.swift; path = RabbitListEndpointTests.swift; sourceTree = "<group>"; };
		ECA17CD52CCEAACC00B13270 /* UrlProtocolMock.swift */ = {isa = PBXFileReference; lastKnownFileType = sourcecode.swift; path = UrlProtocolMock.swift; sourceTree = "<group>"; };
		ECA17CD72CCEABB500B13270 /* ApiTests.swift */ = {isa = PBXFileReference; lastKnownFileType = sourcecode.swift; path = ApiTests.swift; sourceTree = "<group>"; };
		ECA17CD92CCEDD5C00B13270 /* StorageTests.swift */ = {isa = PBXFileReference; lastKnownFileType = sourcecode.swift; path = StorageTests.swift; sourceTree = "<group>"; };
		ECA17CDB2CCEF11400B13270 /* FakeNotificationCenter.swift */ = {isa = PBXFileReference; lastKnownFileType = sourcecode.swift; path = FakeNotificationCenter.swift; sourceTree = "<group>"; };
		ECA17CE02CD05DCF00B13270 /* SLAP.xcdatamodel */ = {isa = PBXFileReference; lastKnownFileType = wrapper.xcdatamodel; path = SLAP.xcdatamodel; sourceTree = "<group>"; };
		ECA17CE22CD05EBB00B13270 /* Rabbit.swift */ = {isa = PBXFileReference; lastKnownFileType = sourcecode.swift; path = Rabbit.swift; sourceTree = "<group>"; };
		ECA17CE42CD060AD00B13270 /* GenericError.swift */ = {isa = PBXFileReference; lastKnownFileType = sourcecode.swift; path = GenericError.swift; sourceTree = "<group>"; };
		ECA17CE62CD061F500B13270 /* Storage_Rabbit.swift */ = {isa = PBXFileReference; lastKnownFileType = sourcecode.swift; path = Storage_Rabbit.swift; sourceTree = "<group>"; };
		ECA17CE82CD0665000B13270 /* UIImageTransformer.swift */ = {isa = PBXFileReference; lastKnownFileType = sourcecode.swift; path = UIImageTransformer.swift; sourceTree = "<group>"; };
		ECA17CEA2CD070F500B13270 /* ImageModel.swift */ = {isa = PBXFileReference; lastKnownFileType = sourcecode.swift; path = ImageModel.swift; sourceTree = "<group>"; };
		ECA17CEC2CD0713400B13270 /* Storage_ImageModel.swift */ = {isa = PBXFileReference; lastKnownFileType = sourcecode.swift; path = Storage_ImageModel.swift; sourceTree = "<group>"; };
		ECA17CF02CD07F3300B13270 /* RabbitTests.swift */ = {isa = PBXFileReference; lastKnownFileType = sourcecode.swift; path = RabbitTests.swift; sourceTree = "<group>"; };
		ECA17D312CD1796700B13270 /* ViewControllerFactoryTests.swift */ = {isa = PBXFileReference; lastKnownFileType = sourcecode.swift; path = ViewControllerFactoryTests.swift; sourceTree = "<group>"; };
/* End PBXFileReference section */

/* Begin PBXFrameworksBuildPhase section */
		ECA17C082CCD26FA00B13270 /* Frameworks */ = {
			isa = PBXFrameworksBuildPhase;
			buildActionMask = 2147483647;
			files = (
			);
			runOnlyForDeploymentPostprocessing = 0;
		};
		ECA17C1E2CCD26FB00B13270 /* Frameworks */ = {
			isa = PBXFrameworksBuildPhase;
			buildActionMask = 2147483647;
			files = (
				ECA17C682CCD3D4D00B13270 /* CustomDump in Frameworks */,
			);
			runOnlyForDeploymentPostprocessing = 0;
		};
/* End PBXFrameworksBuildPhase section */

/* Begin PBXGroup section */
		ECA17C022CCD26F900B13270 = {
			isa = PBXGroup;
			children = (
				ECA17C0D2CCD26FA00B13270 /* SLAP */,
				ECA17C242CCD26FB00B13270 /* SLAPTests */,
				ECA17C0C2CCD26FA00B13270 /* Products */,
			);
			sourceTree = "<group>";
		};
		ECA17C0C2CCD26FA00B13270 /* Products */ = {
			isa = PBXGroup;
			children = (
				ECA17C0B2CCD26FA00B13270 /* SLAP.app */,
				ECA17C212CCD26FB00B13270 /* SLAPTests.xctest */,
			);
			name = Products;
			sourceTree = "<group>";
		};
		ECA17C0D2CCD26FA00B13270 /* SLAP */ = {
			isa = PBXGroup;
			children = (
				ECA17C412CCD317900B13270 /* AppDelegate */,
				ECA17C3E2CCD2DB500B13270 /* Controllers */,
				ECA17C422CCD31D800B13270 /* ViewControllers */,
				ECA17CA02CCD970600B13270 /* Views */,
				ECA17CAF2CCDCB8700B13270 /* Models */,
				ECA17CCA2CCE91FA00B13270 /* Constants */,
				ECA17C542CCD38E100B13270 /* Extensions */,
				ECA17C572CCD3AAA00B13270 /* Helpers */,
				ECA17C172CCD26FB00B13270 /* Assets.xcassets */,
				ECA17C192CCD26FB00B13270 /* LaunchScreen.storyboard */,
				ECA17C1C2CCD26FB00B13270 /* Info.plist */,
			);
			path = SLAP;
			sourceTree = "<group>";
		};
		ECA17C242CCD26FB00B13270 /* SLAPTests */ = {
			isa = PBXGroup;
			children = (
				ECA17CA82CCD9D6900B13270 /* SLAP.xctestplan */,
				ECA17C5D2CCD3B9700B13270 /* TestCase.swift */,
				ECA17C5F2CCD3BB800B13270 /* TestingAppDelegate.swift */,
				ECA17C612CCD3BC700B13270 /* TestingRootViewController.swift */,
				ECA17C5A2CCD3B6F00B13270 /* Data */,
				ECA17C5B2CCD3B7500B13270 /* Fakes */,
				ECA17C5C2CCD3B7B00B13270 /* Tests */,
				ECA17C632CCD3CE600B13270 /* TestHelpers */,
			);
			path = SLAPTests;
			sourceTree = "<group>";
		};
		ECA17C3E2CCD2DB500B13270 /* Controllers */ = {
			isa = PBXGroup;
			children = (
				ECA17C482CCD329E00B13270 /* AppEnv.swift */,
				ECA17C522CCD373400B13270 /* Alert.swift */,
				ECA17CC12CCE87D200B13270 /* Api */,
				ECA17C4A2CCD32BE00B13270 /* Config.swift */,
				ECA17C4C2CCD353500B13270 /* Defaults.swift */,
				ECA17C502CCD36D800B13270 /* Style.swift */,
				ECA17CBB2CCE7EA100B13270 /* Storage */,
				ECA17C9A2CCD906200B13270 /* WebLinks.swift */,
			);
			path = Controllers;
			sourceTree = "<group>";
		};
		ECA17C412CCD317900B13270 /* AppDelegate */ = {
			isa = PBXGroup;
			children = (
				ECA17C6C2CCD3FEE00B13270 /* main.swift */,
				ECA17C0E2CCD26FA00B13270 /* AppDelegate.swift */,
				ECA17C462CCD321900B13270 /* AppManager.swift */,
			);
			path = AppDelegate;
			sourceTree = "<group>";
		};
		ECA17C422CCD31D800B13270 /* ViewControllers */ = {
			isa = PBXGroup;
			children = (
				ECA17C432CCD31E800B13270 /* ViewControllerFactory.swift */,
				ECA17C6B2CCD3F6200B13270 /* Main */,
				ECA17C812CCD693C00B13270 /* List */,
				ECA17C912CCD6CC100B13270 /* Detail */,
				ECA17C822CCD694F00B13270 /* Links */,
			);
			path = ViewControllers;
			sourceTree = "<group>";
		};
		ECA17C542CCD38E100B13270 /* Extensions */ = {
			isa = PBXGroup;
			children = (
				ECA17C552CCD390100B13270 /* Logger.swift */,
				ECA17C962CCD71A800B13270 /* UIView.swift */,
				ECA17C9E2CCD962D00B13270 /* NSLayoutConstraint.swift */,
			);
			path = Extensions;
			sourceTree = "<group>";
		};
		ECA17C572CCD3AAA00B13270 /* Helpers */ = {
			isa = PBXGroup;
			children = (
				ECA17C582CCD3AE900B13270 /* Completion.swift */,
				ECA17CE42CD060AD00B13270 /* GenericError.swift */,
				ECA17CE82CD0665000B13270 /* UIImageTransformer.swift */,
			);
			path = Helpers;
			sourceTree = "<group>";
		};
		ECA17C5A2CCD3B6F00B13270 /* Data */ = {
			isa = PBXGroup;
			children = (
				ECA17C762CCD613900B13270 /* API */,
			);
			path = Data;
			sourceTree = "<group>";
		};
		ECA17C5B2CCD3B7500B13270 /* Fakes */ = {
			isa = PBXGroup;
			children = (
				ECA17C702CCD418400B13270 /* FakeConfig.swift */,
				ECA17C722CCD418B00B13270 /* FakeAlert.swift */,
				ECA17C742CCD419400B13270 /* FakeDefaults.swift */,
				ECA17C7C2CCD66A900B13270 /* FakeStorage.swift */,
				ECA17C7E2CCD66E400B13270 /* FakeApi.swift */,
				ECA17C9C2CCD928000B13270 /* FakeWebLinks.swift */,
				ECA17CDB2CCEF11400B13270 /* FakeNotificationCenter.swift */,
			);
			path = Fakes;
			sourceTree = "<group>";
		};
		ECA17C5C2CCD3B7B00B13270 /* Tests */ = {
			isa = PBXGroup;
			children = (
				ECA17CC02CCE81C700B13270 /* Controllers */,
				ECA17CB22CCDD03B00B13270 /* Models */,
				ECA17CA32CCD99C100B13270 /* ViewControllers */,
				ECA17CCB2CCE94D200B13270 /* Constants */,
			);
			path = Tests;
			sourceTree = "<group>";
		};
		ECA17C632CCD3CE600B13270 /* TestHelpers */ = {
			isa = PBXGroup;
			children = (
				ECA17C642CCD3CF600B13270 /* UIWindow.swift */,
				ECA17C692CCD3DB000B13270 /* UIImage.swift */,
				ECA17C6E2CCD414A00B13270 /* AppEnv.swift */,
				ECA17CA62CCD9B0900B13270 /* UIAction.swift */,
				ECA17CB52CCDD0BE00B13270 /* Data.swift */,
				ECA17CD52CCEAACC00B13270 /* UrlProtocolMock.swift */,
			);
			path = TestHelpers;
			sourceTree = "<group>";
		};
		ECA17C6B2CCD3F6200B13270 /* Main */ = {
			isa = PBXGroup;
			children = (
				ECA17C122CCD26FA00B13270 /* MainViewController.swift */,
				ECA17C142CCD26FA00B13270 /* Main.storyboard */,
				ECA17C982CCD754900B13270 /* MainTabBarTag.swift */,
			);
			path = Main;
			sourceTree = "<group>";
		};
		ECA17C762CCD613900B13270 /* API */ = {
			isa = PBXGroup;
			children = (
				ECA17CB92CCDD96600B13270 /* rabbits.publishable.json */,
				ECA17CAA2CCDC77000B13270 /* rabbit.json */,
				ECA17CA92CCDC77000B13270 /* rabbits.json */,
			);
			path = API;
			sourceTree = "<group>";
		};
		ECA17C812CCD693C00B13270 /* List */ = {
			isa = PBXGroup;
			children = (
				ECA17C8B2CCD69B900B13270 /* ListViewController.swift */,
				ECA17C8D2CCD69C500B13270 /* List.storyboard */,
				ECA17C8F2CCD6BE800B13270 /* ListMode.swift */,
			);
			path = List;
			sourceTree = "<group>";
		};
		ECA17C822CCD694F00B13270 /* Links */ = {
			isa = PBXGroup;
			children = (
				ECA17C832CCD696900B13270 /* LinksViewController.swift */,
			);
			path = Links;
			sourceTree = "<group>";
		};
		ECA17C912CCD6CC100B13270 /* Detail */ = {
			isa = PBXGroup;
			children = (
				ECA17C922CCD6CD600B13270 /* DetailViewController.swift */,
				ECA17C942CCD6CE000B13270 /* Detail.storyboard */,
			);
			path = Detail;
			sourceTree = "<group>";
		};
		ECA17CA02CCD970600B13270 /* Views */ = {
			isa = PBXGroup;
			children = (
				ECA17CA12CCD971200B13270 /* Spacer.swift */,
			);
			path = Views;
			sourceTree = "<group>";
		};
		ECA17CA32CCD99C100B13270 /* ViewControllers */ = {
			isa = PBXGroup;
			children = (
				ECA17D312CD1796700B13270 /* ViewControllerFactoryTests.swift */,
				ECA17CA42CCD99D000B13270 /* LinksViewControllerTests.swift */,
			);
			path = ViewControllers;
			sourceTree = "<group>";
		};
		ECA17CAF2CCDCB8700B13270 /* Models */ = {
			isa = PBXGroup;
			children = (
				ECA17CDE2CD05DB400B13270 /* CoreData */,
				ECA17CDD2CD05DAD00B13270 /* Codeable */,
			);
			path = Models;
			sourceTree = "<group>";
		};
		ECA17CB22CCDD03B00B13270 /* Models */ = {
			isa = PBXGroup;
			children = (
				ECA17CEF2CD07F2100B13270 /* Codeable */,
				ECA17CEE2CD07F1C00B13270 /* CoreData */,
			);
			path = Models;
			sourceTree = "<group>";
		};
		ECA17CBB2CCE7EA100B13270 /* Storage */ = {
			isa = PBXGroup;
			children = (
				ECA17C7A2CCD664D00B13270 /* Storage.swift */,
				ECA17CBC2CCE7EB600B13270 /* Storage_Api.swift */,
				ECA17CE62CD061F500B13270 /* Storage_Rabbit.swift */,
				ECA17CEC2CD0713400B13270 /* Storage_ImageModel.swift */,
			);
			path = Storage;
			sourceTree = "<group>";
		};
		ECA17CC02CCE81C700B13270 /* Controllers */ = {
			isa = PBXGroup;
			children = (
				ECA17CD02CCEA70300B13270 /* API */,
				ECA17CBE2CCE81C200B13270 /* DefaultsTests.swift */,
				ECA17CD92CCEDD5C00B13270 /* StorageTests.swift */,
			);
			path = Controllers;
			sourceTree = "<group>";
		};
		ECA17CC12CCE87D200B13270 /* Api */ = {
			isa = PBXGroup;
			children = (
				ECA17C782CCD664300B13270 /* Api.swift */,
				ECA17CC62CCE8B7300B13270 /* RabbitStruct_Endpoints.swift */,
				ECA17CC82CCE8C9C00B13270 /* RabbitList_Endpoints.swift */,
				ECA17CC22CCE87DF00B13270 /* Endpoint.swift */,
				ECA17CC42CCE882600B13270 /* Server.swift */,
			);
			path = Api;
			sourceTree = "<group>";
		};
		ECA17CCA2CCE91FA00B13270 /* Constants */ = {
			isa = PBXGroup;
			children = (
				ECA17C4E2CCD36D000B13270 /* Images.swift */,
				ECA17C3F2CCD2DC800B13270 /* Secrets.swift */,
			);
			path = Constants;
			sourceTree = "<group>";
		};
		ECA17CCB2CCE94D200B13270 /* Constants */ = {
			isa = PBXGroup;
			children = (
				ECA17CCC2CCE94F100B13270 /* ImagesTests.swift */,
				ECA17CCE2CCE94FC00B13270 /* SecretsTests.swift */,
			);
			path = Constants;
			sourceTree = "<group>";
		};
		ECA17CD02CCEA70300B13270 /* API */ = {
			isa = PBXGroup;
			children = (
				ECA17CD12CCEA72700B13270 /* RabbitEndpointTests.swift */,
				ECA17CD32CCEA74600B13270 /* RabbitListEndpointTests.swift */,
				ECA17CD72CCEABB500B13270 /* ApiTests.swift */,
			);
			path = API;
			sourceTree = "<group>";
		};
		ECA17CDD2CD05DAD00B13270 /* Codeable */ = {
			isa = PBXGroup;
			children = (
				ECA17CAD2CCDCB8200B13270 /* RabbitStruct.swift */,
				ECA17CB02CCDCE0500B13270 /* RabbitSex.swift */,
				ECA17CB72CCDD6F400B13270 /* RabbitList.swift */,
			);
			path = Codeable;
			sourceTree = "<group>";
		};
		ECA17CDE2CD05DB400B13270 /* CoreData */ = {
			isa = PBXGroup;
			children = (
				ECA17CDF2CD05DCF00B13270 /* SLAP.xcdatamodeld */,
				ECA17CE22CD05EBB00B13270 /* Rabbit.swift */,
				ECA17CEA2CD070F500B13270 /* ImageModel.swift */,
			);
			path = CoreData;
			sourceTree = "<group>";
		};
		ECA17CEE2CD07F1C00B13270 /* CoreData */ = {
			isa = PBXGroup;
			children = (
				ECA17CF02CD07F3300B13270 /* RabbitTests.swift */,
			);
			path = CoreData;
			sourceTree = "<group>";
		};
		ECA17CEF2CD07F2100B13270 /* Codeable */ = {
			isa = PBXGroup;
			children = (
				ECA17CB32CCDD04700B13270 /* RabbitStructTests.swift */,
			);
			path = Codeable;
			sourceTree = "<group>";
		};
/* End PBXGroup section */

/* Begin PBXNativeTarget section */
		ECA17C0A2CCD26FA00B13270 /* SLAP */ = {
			isa = PBXNativeTarget;
			buildConfigurationList = ECA17C352CCD26FB00B13270 /* Build configuration list for PBXNativeTarget "SLAP" */;
			buildPhases = (
				ECA17C772CCD635500B13270 /* SwiftLint */,
				ECA17C072CCD26FA00B13270 /* Sources */,
				ECA17C082CCD26FA00B13270 /* Frameworks */,
				ECA17C092CCD26FA00B13270 /* Resources */,
			);
			buildRules = (
			);
			dependencies = (
			);
			name = SLAP;
			productName = SLAP;
			productReference = ECA17C0B2CCD26FA00B13270 /* SLAP.app */;
			productType = "com.apple.product-type.application";
		};
		ECA17C202CCD26FB00B13270 /* SLAPTests */ = {
			isa = PBXNativeTarget;
			buildConfigurationList = ECA17C382CCD26FB00B13270 /* Build configuration list for PBXNativeTarget "SLAPTests" */;
			buildPhases = (
				ECA17C1D2CCD26FB00B13270 /* Sources */,
				ECA17C1E2CCD26FB00B13270 /* Frameworks */,
				ECA17C1F2CCD26FB00B13270 /* Resources */,
			);
			buildRules = (
			);
			dependencies = (
				ECA17C232CCD26FB00B13270 /* PBXTargetDependency */,
			);
			name = SLAPTests;
			packageProductDependencies = (
				ECA17C672CCD3D4D00B13270 /* CustomDump */,
			);
			productName = SLAPTests;
			productReference = ECA17C212CCD26FB00B13270 /* SLAPTests.xctest */;
			productType = "com.apple.product-type.bundle.unit-test";
		};
/* End PBXNativeTarget section */

/* Begin PBXProject section */
		ECA17C032CCD26F900B13270 /* Project object */ = {
			isa = PBXProject;
			attributes = {
				BuildIndependentTargetsInParallel = 1;
				LastSwiftUpdateCheck = 1540;
				LastUpgradeCheck = 1540;
				TargetAttributes = {
					ECA17C0A2CCD26FA00B13270 = {
						CreatedOnToolsVersion = 15.4;
					};
					ECA17C202CCD26FB00B13270 = {
						CreatedOnToolsVersion = 15.4;
						TestTargetID = ECA17C0A2CCD26FA00B13270;
					};
				};
			};
			buildConfigurationList = ECA17C062CCD26F900B13270 /* Build configuration list for PBXProject "SLAP" */;
			compatibilityVersion = "Xcode 14.0";
			developmentRegion = en;
			hasScannedForEncodings = 0;
			knownRegions = (
				en,
				Base,
			);
			mainGroup = ECA17C022CCD26F900B13270;
			packageReferences = (
				ECA17C662CCD3D4D00B13270 /* XCRemoteSwiftPackageReference "swift-custom-dump" */,
			);
			productRefGroup = ECA17C0C2CCD26FA00B13270 /* Products */;
			projectDirPath = "";
			projectRoot = "";
			targets = (
				ECA17C0A2CCD26FA00B13270 /* SLAP */,
				ECA17C202CCD26FB00B13270 /* SLAPTests */,
			);
		};
/* End PBXProject section */

/* Begin PBXResourcesBuildPhase section */
		ECA17C092CCD26FA00B13270 /* Resources */ = {
			isa = PBXResourcesBuildPhase;
			buildActionMask = 2147483647;
			files = (
				ECA17C182CCD26FB00B13270 /* Assets.xcassets in Resources */,
				ECA17C1B2CCD26FB00B13270 /* Base in Resources */,
				ECA17C162CCD26FA00B13270 /* Base in Resources */,
				ECA17C952CCD6CE000B13270 /* Detail.storyboard in Resources */,
				ECA17C8E2CCD69C500B13270 /* List.storyboard in Resources */,
			);
			runOnlyForDeploymentPostprocessing = 0;
		};
		ECA17C1F2CCD26FB00B13270 /* Resources */ = {
			isa = PBXResourcesBuildPhase;
			buildActionMask = 2147483647;
			files = (
				ECA17CAB2CCDC77000B13270 /* rabbits.json in Resources */,
				ECA17CAC2CCDC77000B13270 /* rabbit.json in Resources */,
				ECA17CBA2CCDD96600B13270 /* rabbits.publishable.json in Resources */,
			);
			runOnlyForDeploymentPostprocessing = 0;
		};
/* End PBXResourcesBuildPhase section */

/* Begin PBXShellScriptBuildPhase section */
		ECA17C772CCD635500B13270 /* SwiftLint */ = {
			isa = PBXShellScriptBuildPhase;
			alwaysOutOfDate = 1;
			buildActionMask = 2147483647;
			files = (
			);
			inputFileListPaths = (
			);
			inputPaths = (
			);
			name = SwiftLint;
			outputFileListPaths = (
			);
			outputPaths = (
			);
			runOnlyForDeploymentPostprocessing = 0;
			shellPath = /bin/sh;
			shellScript = "# Type a script or drag a script file from your workspace to insert its path.\nSWIFTLINT=${SOURCE_ROOT}/swiftlint\nif test -f \"$SWIFTLINT\"; then\n  echo `pwd`\n  echo \"$SWIFTLINT\" ${SWIFTLINT_FLAGS}\n  \"$SWIFTLINT\" ${SWIFTLINT_FLAGS}\nelse\n  echo \"error: SwiftLint not installed, download from https://github.com/realm/SwiftLint\"\nfi\n";
		};
/* End PBXShellScriptBuildPhase section */

/* Begin PBXSourcesBuildPhase section */
		ECA17C072CCD26FA00B13270 /* Sources */ = {
			isa = PBXSourcesBuildPhase;
			buildActionMask = 2147483647;
			files = (
				ECA17C4D2CCD353500B13270 /* Defaults.swift in Sources */,
				ECA17CA22CCD971200B13270 /* Spacer.swift in Sources */,
				ECA17CC52CCE882600B13270 /* Server.swift in Sources */,
				ECA17C132CCD26FA00B13270 /* MainViewController.swift in Sources */,
				ECA17C442CCD31E800B13270 /* ViewControllerFactory.swift in Sources */,
				ECA17CC32CCE87DF00B13270 /* Endpoint.swift in Sources */,
				ECA17C792CCD664300B13270 /* Api.swift in Sources */,
				ECA17C592CCD3AE900B13270 /* Completion.swift in Sources */,
				ECA17C842CCD696900B13270 /* LinksViewController.swift in Sources */,
				ECA17CE12CD05DCF00B13270 /* SLAP.xcdatamodeld in Sources */,
				ECA17CBD2CCE7EB600B13270 /* Storage_Api.swift in Sources */,
				ECA17C402CCD2DC800B13270 /* Secrets.swift in Sources */,
				ECA17C9F2CCD962D00B13270 /* NSLayoutConstraint.swift in Sources */,
				ECA17C932CCD6CD600B13270 /* DetailViewController.swift in Sources */,
				ECA17C472CCD321900B13270 /* AppManager.swift in Sources */,
				ECA17C8C2CCD69B900B13270 /* ListViewController.swift in Sources */,
				ECA17CB12CCDCE0500B13270 /* RabbitSex.swift in Sources */,
				ECA17CE32CD05EBB00B13270 /* Rabbit.swift in Sources */,
				ECA17C9B2CCD906200B13270 /* WebLinks.swift in Sources */,
				ECA17CED2CD0713400B13270 /* Storage_ImageModel.swift in Sources */,
				ECA17C972CCD71A800B13270 /* UIView.swift in Sources */,
				ECA17CB82CCDD6F400B13270 /* RabbitList.swift in Sources */,
				ECA17C902CCD6BE900B13270 /* ListMode.swift in Sources */,
				ECA17C492CCD329E00B13270 /* AppEnv.swift in Sources */,
				ECA17C532CCD373400B13270 /* Alert.swift in Sources */,
				ECA17CE52CD060AD00B13270 /* GenericError.swift in Sources */,
				ECA17CC92CCE8C9C00B13270 /* RabbitList_Endpoints.swift in Sources */,
				ECA17C4B2CCD32BE00B13270 /* Config.swift in Sources */,
				ECA17C992CCD754900B13270 /* MainTabBarTag.swift in Sources */,
				ECA17C4F2CCD36D000B13270 /* Images.swift in Sources */,
				ECA17C562CCD390100B13270 /* Logger.swift in Sources */,
				ECA17C6D2CCD3FEE00B13270 /* main.swift in Sources */,
				ECA17CE92CD0665000B13270 /* UIImageTransformer.swift in Sources */,
				ECA17CC72CCE8B7300B13270 /* RabbitStruct_Endpoints.swift in Sources */,
				ECA17C7B2CCD664D00B13270 /* Storage.swift in Sources */,
				ECA17C0F2CCD26FA00B13270 /* AppDelegate.swift in Sources */,
				ECA17C512CCD36D800B13270 /* Style.swift in Sources */,
				ECA17CE72CD061F500B13270 /* Storage_Rabbit.swift in Sources */,
				ECA17CEB2CD070F500B13270 /* ImageModel.swift in Sources */,
				ECA17CAE2CCDCB8200B13270 /* RabbitStruct.swift in Sources */,
			);
			runOnlyForDeploymentPostprocessing = 0;
		};
		ECA17C1D2CCD26FB00B13270 /* Sources */ = {
			isa = PBXSourcesBuildPhase;
			buildActionMask = 2147483647;
			files = (
				ECA17CD22CCEA72700B13270 /* RabbitEndpointTests.swift in Sources */,
				ECA17C712CCD418400B13270 /* FakeConfig.swift in Sources */,
				ECA17C7F2CCD66E400B13270 /* FakeApi.swift in Sources */,
				ECA17C602CCD3BB800B13270 /* TestingAppDelegate.swift in Sources */,
				ECA17CCF2CCE94FC00B13270 /* SecretsTests.swift in Sources */,
				ECA17CD82CCEABB500B13270 /* ApiTests.swift in Sources */,
				ECA17C652CCD3CF600B13270 /* UIWindow.swift in Sources */,
				ECA17C6A2CCD3DB000B13270 /* UIImage.swift in Sources */,
				ECA17C6F2CCD414A00B13270 /* AppEnv.swift in Sources */,
				ECA17C752CCD419400B13270 /* FakeDefaults.swift in Sources */,
				ECA17CB42CCDD04700B13270 /* RabbitStructTests.swift in Sources */,
				ECA17CDC2CCEF11400B13270 /* FakeNotificationCenter.swift in Sources */,
				ECA17C7D2CCD66A900B13270 /* FakeStorage.swift in Sources */,
				ECA17CBF2CCE81C200B13270 /* DefaultsTests.swift in Sources */,
				ECA17CA72CCD9B0900B13270 /* UIAction.swift in Sources */,
				ECA17C5E2CCD3B9800B13270 /* TestCase.swift in Sources */,
				ECA17CA52CCD99D000B13270 /* LinksViewControllerTests.swift in Sources */,
				ECA17CD62CCEAACC00B13270 /* UrlProtocolMock.swift in Sources */,
				ECA17C622CCD3BC700B13270 /* TestingRootViewController.swift in Sources */,
				ECA17C732CCD418B00B13270 /* FakeAlert.swift in Sources */,
				ECA17CCD2CCE94F100B13270 /* ImagesTests.swift in Sources */,
				ECA17C9D2CCD928000B13270 /* FakeWebLinks.swift in Sources */,
				ECA17CDA2CCEDD5C00B13270 /* StorageTests.swift in Sources */,
				ECA17CD42CCEA74700B13270 /* RabbitListEndpointTests.swift in Sources */,
				ECA17CB62CCDD0BE00B13270 /* Data.swift in Sources */,
				ECA17CF12CD07F3300B13270 /* RabbitTests.swift in Sources */,
				ECA17D322CD1796700B13270 /* ViewControllerFactoryTests.swift in Sources */,
			);
			runOnlyForDeploymentPostprocessing = 0;
		};
/* End PBXSourcesBuildPhase section */

/* Begin PBXTargetDependency section */
		ECA17C232CCD26FB00B13270 /* PBXTargetDependency */ = {
			isa = PBXTargetDependency;
			target = ECA17C0A2CCD26FA00B13270 /* SLAP */;
			targetProxy = ECA17C222CCD26FB00B13270 /* PBXContainerItemProxy */;
		};
/* End PBXTargetDependency section */

/* Begin PBXVariantGroup section */
		ECA17C142CCD26FA00B13270 /* Main.storyboard */ = {
			isa = PBXVariantGroup;
			children = (
				ECA17C152CCD26FA00B13270 /* Base */,
			);
			name = Main.storyboard;
			sourceTree = "<group>";
		};
		ECA17C192CCD26FB00B13270 /* LaunchScreen.storyboard */ = {
			isa = PBXVariantGroup;
			children = (
				ECA17C1A2CCD26FB00B13270 /* Base */,
			);
			name = LaunchScreen.storyboard;
			sourceTree = "<group>";
		};
/* End PBXVariantGroup section */

/* Begin XCBuildConfiguration section */
		ECA17C332CCD26FB00B13270 /* Debug */ = {
			isa = XCBuildConfiguration;
			buildSettings = {
				ALWAYS_SEARCH_USER_PATHS = NO;
				ASSETCATALOG_COMPILER_GENERATE_SWIFT_ASSET_SYMBOL_EXTENSIONS = YES;
				CLANG_ANALYZER_NONNULL = YES;
				CLANG_ANALYZER_NUMBER_OBJECT_CONVERSION = YES_AGGRESSIVE;
				CLANG_CXX_LANGUAGE_STANDARD = "gnu++20";
				CLANG_ENABLE_MODULES = YES;
				CLANG_ENABLE_OBJC_ARC = YES;
				CLANG_ENABLE_OBJC_WEAK = YES;
				CLANG_WARN_BLOCK_CAPTURE_AUTORELEASING = YES;
				CLANG_WARN_BOOL_CONVERSION = YES;
				CLANG_WARN_COMMA = YES;
				CLANG_WARN_CONSTANT_CONVERSION = YES;
				CLANG_WARN_DEPRECATED_OBJC_IMPLEMENTATIONS = YES;
				CLANG_WARN_DIRECT_OBJC_ISA_USAGE = YES_ERROR;
				CLANG_WARN_DOCUMENTATION_COMMENTS = YES;
				CLANG_WARN_EMPTY_BODY = YES;
				CLANG_WARN_ENUM_CONVERSION = YES;
				CLANG_WARN_INFINITE_RECURSION = YES;
				CLANG_WARN_INT_CONVERSION = YES;
				CLANG_WARN_NON_LITERAL_NULL_CONVERSION = YES;
				CLANG_WARN_OBJC_IMPLICIT_RETAIN_SELF = YES;
				CLANG_WARN_OBJC_LITERAL_CONVERSION = YES;
				CLANG_WARN_OBJC_ROOT_CLASS = YES_ERROR;
				CLANG_WARN_QUOTED_INCLUDE_IN_FRAMEWORK_HEADER = YES;
				CLANG_WARN_RANGE_LOOP_ANALYSIS = YES;
				CLANG_WARN_STRICT_PROTOTYPES = YES;
				CLANG_WARN_SUSPICIOUS_MOVE = YES;
				CLANG_WARN_UNGUARDED_AVAILABILITY = YES_AGGRESSIVE;
				CLANG_WARN_UNREACHABLE_CODE = YES;
				CLANG_WARN__DUPLICATE_METHOD_MATCH = YES;
				COPY_PHASE_STRIP = NO;
				DEBUG_INFORMATION_FORMAT = dwarf;
				ENABLE_STRICT_OBJC_MSGSEND = YES;
				ENABLE_TESTABILITY = YES;
				ENABLE_USER_SCRIPT_SANDBOXING = YES;
				GCC_C_LANGUAGE_STANDARD = gnu17;
				GCC_DYNAMIC_NO_PIC = NO;
				GCC_NO_COMMON_BLOCKS = YES;
				GCC_OPTIMIZATION_LEVEL = 0;
				GCC_PREPROCESSOR_DEFINITIONS = (
					"DEBUG=1",
					"$(inherited)",
				);
				GCC_WARN_64_TO_32_BIT_CONVERSION = YES;
				GCC_WARN_ABOUT_RETURN_TYPE = YES_ERROR;
				GCC_WARN_UNDECLARED_SELECTOR = YES;
				GCC_WARN_UNINITIALIZED_AUTOS = YES_AGGRESSIVE;
				GCC_WARN_UNUSED_FUNCTION = YES;
				GCC_WARN_UNUSED_VARIABLE = YES;
				IPHONEOS_DEPLOYMENT_TARGET = 17.5;
				LOCALIZATION_PREFERS_STRING_CATALOGS = YES;
				MTL_ENABLE_DEBUG_INFO = INCLUDE_SOURCE;
				MTL_FAST_MATH = YES;
				ONLY_ACTIVE_ARCH = YES;
				SDKROOT = iphoneos;
				SWIFT_ACTIVE_COMPILATION_CONDITIONS = "DEBUG $(inherited)";
				SWIFT_OPTIMIZATION_LEVEL = "-Onone";
			};
			name = Debug;
		};
		ECA17C342CCD26FB00B13270 /* Release */ = {
			isa = XCBuildConfiguration;
			buildSettings = {
				ALWAYS_SEARCH_USER_PATHS = NO;
				ASSETCATALOG_COMPILER_GENERATE_SWIFT_ASSET_SYMBOL_EXTENSIONS = YES;
				CLANG_ANALYZER_NONNULL = YES;
				CLANG_ANALYZER_NUMBER_OBJECT_CONVERSION = YES_AGGRESSIVE;
				CLANG_CXX_LANGUAGE_STANDARD = "gnu++20";
				CLANG_ENABLE_MODULES = YES;
				CLANG_ENABLE_OBJC_ARC = YES;
				CLANG_ENABLE_OBJC_WEAK = YES;
				CLANG_WARN_BLOCK_CAPTURE_AUTORELEASING = YES;
				CLANG_WARN_BOOL_CONVERSION = YES;
				CLANG_WARN_COMMA = YES;
				CLANG_WARN_CONSTANT_CONVERSION = YES;
				CLANG_WARN_DEPRECATED_OBJC_IMPLEMENTATIONS = YES;
				CLANG_WARN_DIRECT_OBJC_ISA_USAGE = YES_ERROR;
				CLANG_WARN_DOCUMENTATION_COMMENTS = YES;
				CLANG_WARN_EMPTY_BODY = YES;
				CLANG_WARN_ENUM_CONVERSION = YES;
				CLANG_WARN_INFINITE_RECURSION = YES;
				CLANG_WARN_INT_CONVERSION = YES;
				CLANG_WARN_NON_LITERAL_NULL_CONVERSION = YES;
				CLANG_WARN_OBJC_IMPLICIT_RETAIN_SELF = YES;
				CLANG_WARN_OBJC_LITERAL_CONVERSION = YES;
				CLANG_WARN_OBJC_ROOT_CLASS = YES_ERROR;
				CLANG_WARN_QUOTED_INCLUDE_IN_FRAMEWORK_HEADER = YES;
				CLANG_WARN_RANGE_LOOP_ANALYSIS = YES;
				CLANG_WARN_STRICT_PROTOTYPES = YES;
				CLANG_WARN_SUSPICIOUS_MOVE = YES;
				CLANG_WARN_UNGUARDED_AVAILABILITY = YES_AGGRESSIVE;
				CLANG_WARN_UNREACHABLE_CODE = YES;
				CLANG_WARN__DUPLICATE_METHOD_MATCH = YES;
				COPY_PHASE_STRIP = NO;
				DEBUG_INFORMATION_FORMAT = "dwarf-with-dsym";
				ENABLE_NS_ASSERTIONS = NO;
				ENABLE_STRICT_OBJC_MSGSEND = YES;
				ENABLE_USER_SCRIPT_SANDBOXING = YES;
				GCC_C_LANGUAGE_STANDARD = gnu17;
				GCC_NO_COMMON_BLOCKS = YES;
				GCC_WARN_64_TO_32_BIT_CONVERSION = YES;
				GCC_WARN_ABOUT_RETURN_TYPE = YES_ERROR;
				GCC_WARN_UNDECLARED_SELECTOR = YES;
				GCC_WARN_UNINITIALIZED_AUTOS = YES_AGGRESSIVE;
				GCC_WARN_UNUSED_FUNCTION = YES;
				GCC_WARN_UNUSED_VARIABLE = YES;
				IPHONEOS_DEPLOYMENT_TARGET = 17.5;
				LOCALIZATION_PREFERS_STRING_CATALOGS = YES;
				MTL_ENABLE_DEBUG_INFO = NO;
				MTL_FAST_MATH = YES;
				SDKROOT = iphoneos;
				SWIFT_COMPILATION_MODE = wholemodule;
				VALIDATE_PRODUCT = YES;
			};
			name = Release;
		};
		ECA17C362CCD26FB00B13270 /* Debug */ = {
			isa = XCBuildConfiguration;
			buildSettings = {
				ASSETCATALOG_COMPILER_APPICON_NAME = AppIcon;
				ASSETCATALOG_COMPILER_GLOBAL_ACCENT_COLOR_NAME = AccentColor;
				CODE_SIGN_STYLE = Automatic;
				CURRENT_PROJECT_VERSION = 1;
				DEVELOPMENT_TEAM = V9VQ2RXE25;
				ENABLE_USER_SCRIPT_SANDBOXING = NO;
				GENERATE_INFOPLIST_FILE = YES;
				INFOPLIST_FILE = SLAP/Info.plist;
				INFOPLIST_KEY_UIApplicationSupportsIndirectInputEvents = YES;
				INFOPLIST_KEY_UILaunchStoryboardName = LaunchScreen;
				INFOPLIST_KEY_UISupportedInterfaceOrientations_iPad = "UIInterfaceOrientationPortrait UIInterfaceOrientationPortraitUpsideDown UIInterfaceOrientationLandscapeLeft UIInterfaceOrientationLandscapeRight";
				INFOPLIST_KEY_UISupportedInterfaceOrientations_iPhone = "UIInterfaceOrientationPortrait UIInterfaceOrientationLandscapeLeft UIInterfaceOrientationLandscapeRight";
				LD_RUNPATH_SEARCH_PATHS = (
					"$(inherited)",
					"@executable_path/Frameworks",
				);
				MARKETING_VERSION = 1.0;
				PRODUCT_BUNDLE_IDENTIFIER = com.sonicbunny.SLAP;
				PRODUCT_NAME = "$(TARGET_NAME)";
				SWIFT_EMIT_LOC_STRINGS = YES;
				SWIFT_VERSION = 5.0;
				TARGETED_DEVICE_FAMILY = "1,2";
			};
			name = Debug;
		};
		ECA17C372CCD26FB00B13270 /* Release */ = {
			isa = XCBuildConfiguration;
			buildSettings = {
				ASSETCATALOG_COMPILER_APPICON_NAME = AppIcon;
				ASSETCATALOG_COMPILER_GLOBAL_ACCENT_COLOR_NAME = AccentColor;
				CODE_SIGN_STYLE = Automatic;
				CURRENT_PROJECT_VERSION = 1;
				DEVELOPMENT_TEAM = V9VQ2RXE25;
				ENABLE_USER_SCRIPT_SANDBOXING = NO;
				GENERATE_INFOPLIST_FILE = YES;
				INFOPLIST_FILE = SLAP/Info.plist;
				INFOPLIST_KEY_UIApplicationSupportsIndirectInputEvents = YES;
				INFOPLIST_KEY_UILaunchStoryboardName = LaunchScreen;
				INFOPLIST_KEY_UISupportedInterfaceOrientations_iPad = "UIInterfaceOrientationPortrait UIInterfaceOrientationPortraitUpsideDown UIInterfaceOrientationLandscapeLeft UIInterfaceOrientationLandscapeRight";
				INFOPLIST_KEY_UISupportedInterfaceOrientations_iPhone = "UIInterfaceOrientationPortrait UIInterfaceOrientationLandscapeLeft UIInterfaceOrientationLandscapeRight";
				LD_RUNPATH_SEARCH_PATHS = (
					"$(inherited)",
					"@executable_path/Frameworks",
				);
				MARKETING_VERSION = 1.0;
				PRODUCT_BUNDLE_IDENTIFIER = com.sonicbunny.SLAP;
				PRODUCT_NAME = "$(TARGET_NAME)";
				SWIFT_EMIT_LOC_STRINGS = YES;
				SWIFT_VERSION = 5.0;
				TARGETED_DEVICE_FAMILY = "1,2";
			};
			name = Release;
		};
		ECA17C392CCD26FB00B13270 /* Debug */ = {
			isa = XCBuildConfiguration;
			buildSettings = {
				ALWAYS_EMBED_SWIFT_STANDARD_LIBRARIES = YES;
				BUNDLE_LOADER = "$(TEST_HOST)";
				CODE_SIGN_STYLE = Automatic;
				CURRENT_PROJECT_VERSION = 1;
				DEVELOPMENT_TEAM = V9VQ2RXE25;
				GENERATE_INFOPLIST_FILE = YES;
				IPHONEOS_DEPLOYMENT_TARGET = 17.5;
				MARKETING_VERSION = 1.0;
				PRODUCT_BUNDLE_IDENTIFIER = com.sonicbunny.SLAPTests;
				PRODUCT_NAME = "$(TARGET_NAME)";
				SWIFT_EMIT_LOC_STRINGS = NO;
				SWIFT_VERSION = 5.0;
				TARGETED_DEVICE_FAMILY = "1,2";
				TEST_HOST = "$(BUILT_PRODUCTS_DIR)/SLAP.app/$(BUNDLE_EXECUTABLE_FOLDER_PATH)/SLAP";
			};
			name = Debug;
		};
		ECA17C3A2CCD26FB00B13270 /* Release */ = {
			isa = XCBuildConfiguration;
			buildSettings = {
				ALWAYS_EMBED_SWIFT_STANDARD_LIBRARIES = YES;
				BUNDLE_LOADER = "$(TEST_HOST)";
				CODE_SIGN_STYLE = Automatic;
				CURRENT_PROJECT_VERSION = 1;
				DEVELOPMENT_TEAM = V9VQ2RXE25;
				GENERATE_INFOPLIST_FILE = YES;
				IPHONEOS_DEPLOYMENT_TARGET = 17.5;
				MARKETING_VERSION = 1.0;
				PRODUCT_BUNDLE_IDENTIFIER = com.sonicbunny.SLAPTests;
				PRODUCT_NAME = "$(TARGET_NAME)";
				SWIFT_EMIT_LOC_STRINGS = NO;
				SWIFT_VERSION = 5.0;
				TARGETED_DEVICE_FAMILY = "1,2";
				TEST_HOST = "$(BUILT_PRODUCTS_DIR)/SLAP.app/$(BUNDLE_EXECUTABLE_FOLDER_PATH)/SLAP";
			};
			name = Release;
		};
/* End XCBuildConfiguration section */

/* Begin XCConfigurationList section */
		ECA17C062CCD26F900B13270 /* Build configuration list for PBXProject "SLAP" */ = {
			isa = XCConfigurationList;
			buildConfigurations = (
				ECA17C332CCD26FB00B13270 /* Debug */,
				ECA17C342CCD26FB00B13270 /* Release */,
			);
			defaultConfigurationIsVisible = 0;
			defaultConfigurationName = Release;
		};
		ECA17C352CCD26FB00B13270 /* Build configuration list for PBXNativeTarget "SLAP" */ = {
			isa = XCConfigurationList;
			buildConfigurations = (
				ECA17C362CCD26FB00B13270 /* Debug */,
				ECA17C372CCD26FB00B13270 /* Release */,
			);
			defaultConfigurationIsVisible = 0;
			defaultConfigurationName = Release;
		};
		ECA17C382CCD26FB00B13270 /* Build configuration list for PBXNativeTarget "SLAPTests" */ = {
			isa = XCConfigurationList;
			buildConfigurations = (
				ECA17C392CCD26FB00B13270 /* Debug */,
				ECA17C3A2CCD26FB00B13270 /* Release */,
			);
			defaultConfigurationIsVisible = 0;
			defaultConfigurationName = Release;
		};
/* End XCConfigurationList section */

/* Begin XCRemoteSwiftPackageReference section */
		ECA17C662CCD3D4D00B13270 /* XCRemoteSwiftPackageReference "swift-custom-dump" */ = {
			isa = XCRemoteSwiftPackageReference;
			repositoryURL = "https://github.com/pointfreeco/swift-custom-dump.git";
			requirement = {
				kind = upToNextMajorVersion;
				minimumVersion = 1.3.3;
			};
		};
/* End XCRemoteSwiftPackageReference section */

/* Begin XCSwiftPackageProductDependency section */
		ECA17C672CCD3D4D00B13270 /* CustomDump */ = {
			isa = XCSwiftPackageProductDependency;
			package = ECA17C662CCD3D4D00B13270 /* XCRemoteSwiftPackageReference "swift-custom-dump" */;
			productName = CustomDump;
		};
/* End XCSwiftPackageProductDependency section */

/* Begin XCVersionGroup section */
		ECA17CDF2CD05DCF00B13270 /* SLAP.xcdatamodeld */ = {
			isa = XCVersionGroup;
			children = (
				ECA17CE02CD05DCF00B13270 /* SLAP.xcdatamodel */,
			);
			currentVersion = ECA17CE02CD05DCF00B13270 /* SLAP.xcdatamodel */;
			name = SLAP.xcdatamodeld;
			path = /Users/jayl/git/SLAP/SLAP/Models/CoreData/SLAP.xcdatamodeld;
			sourceTree = "<group>";
			versionGroupType = wrapper.xcdatamodel;
		};
/* End XCVersionGroup section */
	};
	rootObject = ECA17C032CCD26F900B13270 /* Project object */;
}
